// !$*UTF8*$!
{
	archiveVersion = 1;
	classes = {
	};
	objectVersion = 56;
	objects = {

/* Begin PBXBuildFile section */
		720AACEC29C435870092E350 /* AppDelegate.swift in Sources */ = {isa = PBXBuildFile; fileRef = 720AACEB29C435870092E350 /* AppDelegate.swift */; };
		720AACEE29C435870092E350 /* SceneDelegate.swift in Sources */ = {isa = PBXBuildFile; fileRef = 720AACED29C435870092E350 /* SceneDelegate.swift */; };
		720AACF029C435870092E350 /* ViewController.swift in Sources */ = {isa = PBXBuildFile; fileRef = 720AACEF29C435870092E350 /* ViewController.swift */; };
		720AACF329C435870092E350 /* Main.storyboard in Resources */ = {isa = PBXBuildFile; fileRef = 720AACF129C435870092E350 /* Main.storyboard */; };
		720AACF529C435880092E350 /* Assets.xcassets in Resources */ = {isa = PBXBuildFile; fileRef = 720AACF429C435880092E350 /* Assets.xcassets */; };
		720AACF829C435880092E350 /* LaunchScreen.storyboard in Resources */ = {isa = PBXBuildFile; fileRef = 720AACF629C435880092E350 /* LaunchScreen.storyboard */; };
		720AAD0329C435880092E350 /* Class4_3Tests.swift in Sources */ = {isa = PBXBuildFile; fileRef = 720AAD0229C435880092E350 /* Class4_3Tests.swift */; };
		720AAD0D29C435880092E350 /* Class4_3UITests.swift in Sources */ = {isa = PBXBuildFile; fileRef = 720AAD0C29C435880092E350 /* Class4_3UITests.swift */; };
		720AAD0F29C435880092E350 /* Class4_3UITestsLaunchTests.swift in Sources */ = {isa = PBXBuildFile; fileRef = 720AAD0E29C435880092E350 /* Class4_3UITestsLaunchTests.swift */; };
/* End PBXBuildFile section */

/* Begin PBXContainerItemProxy section */
		720AACFF29C435880092E350 /* PBXContainerItemProxy */ = {
			isa = PBXContainerItemProxy;
			containerPortal = 720AACE029C435870092E350 /* Project object */;
			proxyType = 1;
			remoteGlobalIDString = 720AACE729C435870092E350;
			remoteInfo = Class4_3;
		};
		720AAD0929C435880092E350 /* PBXContainerItemProxy */ = {
			isa = PBXContainerItemProxy;
			containerPortal = 720AACE029C435870092E350 /* Project object */;
			proxyType = 1;
			remoteGlobalIDString = 720AACE729C435870092E350;
			remoteInfo = Class4_3;
		};
/* End PBXContainerItemProxy section */

/* Begin PBXFileReference section */
		720AACE829C435870092E350 /* Class4_3.app */ = {isa = PBXFileReference; explicitFileType = wrapper.application; includeInIndex = 0; path = Class4_3.app; sourceTree = BUILT_PRODUCTS_DIR; };
		720AACEB29C435870092E350 /* AppDelegate.swift */ = {isa = PBXFileReference; lastKnownFileType = sourcecode.swift; path = AppDelegate.swift; sourceTree = "<group>"; };
		720AACED29C435870092E350 /* SceneDelegate.swift */ = {isa = PBXFileReference; lastKnownFileType = sourcecode.swift; path = SceneDelegate.swift; sourceTree = "<group>"; };
		720AACEF29C435870092E350 /* ViewController.swift */ = {isa = PBXFileReference; lastKnownFileType = sourcecode.swift; path = ViewController.swift; sourceTree = "<group>"; };
		720AACF229C435870092E350 /* Base */ = {isa = PBXFileReference; lastKnownFileType = file.storyboard; name = Base; path = Base.lproj/Main.storyboard; sourceTree = "<group>"; };
		720AACF429C435880092E350 /* Assets.xcassets */ = {isa = PBXFileReference; lastKnownFileType = folder.assetcatalog; path = Assets.xcassets; sourceTree = "<group>"; };
		720AACF729C435880092E350 /* Base */ = {isa = PBXFileReference; lastKnownFileType = file.storyboard; name = Base; path = Base.lproj/LaunchScreen.storyboard; sourceTree = "<group>"; };
		720AACF929C435880092E350 /* Info.plist */ = {isa = PBXFileReference; lastKnownFileType = text.plist.xml; path = Info.plist; sourceTree = "<group>"; };
		720AACFE29C435880092E350 /* Class4_3Tests.xctest */ = {isa = PBXFileReference; explicitFileType = wrapper.cfbundle; includeInIndex = 0; path = Class4_3Tests.xctest; sourceTree = BUILT_PRODUCTS_DIR; };
		720AAD0229C435880092E350 /* Class4_3Tests.swift */ = {isa = PBXFileReference; lastKnownFileType = sourcecode.swift; path = Class4_3Tests.swift; sourceTree = "<group>"; };
		720AAD0829C435880092E350 /* Class4_3UITests.xctest */ = {isa = PBXFileReference; explicitFileType = wrapper.cfbundle; includeInIndex = 0; path = Class4_3UITests.xctest; sourceTree = BUILT_PRODUCTS_DIR; };
		720AAD0C29C435880092E350 /* Class4_3UITests.swift */ = {isa = PBXFileReference; lastKnownFileType = sourcecode.swift; path = Class4_3UITests.swift; sourceTree = "<group>"; };
		720AAD0E29C435880092E350 /* Class4_3UITestsLaunchTests.swift */ = {isa = PBXFileReference; lastKnownFileType = sourcecode.swift; path = Class4_3UITestsLaunchTests.swift; sourceTree = "<group>"; };
/* End PBXFileReference section */

/* Begin PBXFrameworksBuildPhase section */
		720AACE529C435870092E350 /* Frameworks */ = {
			isa = PBXFrameworksBuildPhase;
			buildActionMask = 2147483647;
			files = (
			);
			runOnlyForDeploymentPostprocessing = 0;
		};
		720AACFB29C435880092E350 /* Frameworks */ = {
			isa = PBXFrameworksBuildPhase;
			buildActionMask = 2147483647;
			files = (
			);
			runOnlyForDeploymentPostprocessing = 0;
		};
		720AAD0529C435880092E350 /* Frameworks */ = {
			isa = PBXFrameworksBuildPhase;
			buildActionMask = 2147483647;
			files = (
			);
			runOnlyForDeploymentPostprocessing = 0;
		};
/* End PBXFrameworksBuildPhase section */

/* Begin PBXGroup section */
		720AACDF29C435870092E350 = {
			isa = PBXGroup;
			children = (
				720AACEA29C435870092E350 /* Class4_3 */,
				720AAD0129C435880092E350 /* Class4_3Tests */,
				720AAD0B29C435880092E350 /* Class4_3UITests */,
				720AACE929C435870092E350 /* Products */,
			);
			sourceTree = "<group>";
		};
		720AACE929C435870092E350 /* Products */ = {
			isa = PBXGroup;
			children = (
				720AACE829C435870092E350 /* Class4_3.app */,
				720AACFE29C435880092E350 /* Class4_3Tests.xctest */,
				720AAD0829C435880092E350 /* Class4_3UITests.xctest */,
			);
			name = Products;
			sourceTree = "<group>";
		};
		720AACEA29C435870092E350 /* Class4_3 */ = {
			isa = PBXGroup;
			children = (
				720AACEB29C435870092E350 /* AppDelegate.swift */,
				720AACED29C435870092E350 /* SceneDelegate.swift */,
				720AACEF29C435870092E350 /* ViewController.swift */,
				720AACF129C435870092E350 /* Main.storyboard */,
				720AACF429C435880092E350 /* Assets.xcassets */,
				720AACF629C435880092E350 /* LaunchScreen.storyboard */,
				720AACF929C435880092E350 /* Info.plist */,
			);
			path = Class4_3;
			sourceTree = "<group>";
		};
		720AAD0129C435880092E350 /* Class4_3Tests */ = {
			isa = PBXGroup;
			children = (
				720AAD0229C435880092E350 /* Class4_3Tests.swift */,
			);
			path = Class4_3Tests;
			sourceTree = "<group>";
		};
		720AAD0B29C435880092E350 /* Class4_3UITests */ = {
			isa = PBXGroup;
			children = (
				720AAD0C29C435880092E350 /* Class4_3UITests.swift */,
				720AAD0E29C435880092E350 /* Class4_3UITestsLaunchTests.swift */,
			);
			path = Class4_3UITests;
			sourceTree = "<group>";
		};
/* End PBXGroup section */

/* Begin PBXNativeTarget section */
		720AACE729C435870092E350 /* Class4_3 */ = {
			isa = PBXNativeTarget;
			buildConfigurationList = 720AAD1229C435880092E350 /* Build configuration list for PBXNativeTarget "Class4_3" */;
			buildPhases = (
				720AACE429C435870092E350 /* Sources */,
				720AACE529C435870092E350 /* Frameworks */,
				720AACE629C435870092E350 /* Resources */,
			);
			buildRules = (
			);
			dependencies = (
			);
			name = Class4_3;
			productName = Class4_3;
			productReference = 720AACE829C435870092E350 /* Class4_3.app */;
			productType = "com.apple.product-type.application";
		};
		720AACFD29C435880092E350 /* Class4_3Tests */ = {
			isa = PBXNativeTarget;
			buildConfigurationList = 720AAD1529C435880092E350 /* Build configuration list for PBXNativeTarget "Class4_3Tests" */;
			buildPhases = (
				720AACFA29C435880092E350 /* Sources */,
				720AACFB29C435880092E350 /* Frameworks */,
				720AACFC29C435880092E350 /* Resources */,
			);
			buildRules = (
			);
			dependencies = (
				720AAD0029C435880092E350 /* PBXTargetDependency */,
			);
			name = Class4_3Tests;
			productName = Class4_3Tests;
			productReference = 720AACFE29C435880092E350 /* Class4_3Tests.xctest */;
			productType = "com.apple.product-type.bundle.unit-test";
		};
		720AAD0729C435880092E350 /* Class4_3UITests */ = {
			isa = PBXNativeTarget;
			buildConfigurationList = 720AAD1829C435880092E350 /* Build configuration list for PBXNativeTarget "Class4_3UITests" */;
			buildPhases = (
				720AAD0429C435880092E350 /* Sources */,
				720AAD0529C435880092E350 /* Frameworks */,
				720AAD0629C435880092E350 /* Resources */,
			);
			buildRules = (
			);
			dependencies = (
				720AAD0A29C435880092E350 /* PBXTargetDependency */,
			);
			name = Class4_3UITests;
			productName = Class4_3UITests;
			productReference = 720AAD0829C435880092E350 /* Class4_3UITests.xctest */;
			productType = "com.apple.product-type.bundle.ui-testing";
		};
/* End PBXNativeTarget section */

/* Begin PBXProject section */
		720AACE029C435870092E350 /* Project object */ = {
			isa = PBXProject;
			attributes = {
				BuildIndependentTargetsInParallel = 1;
				LastSwiftUpdateCheck = 1420;
				LastUpgradeCheck = 1420;
				TargetAttributes = {
					720AACE729C435870092E350 = {
						CreatedOnToolsVersion = 14.2;
					};
					720AACFD29C435880092E350 = {
						CreatedOnToolsVersion = 14.2;
						TestTargetID = 720AACE729C435870092E350;
					};
					720AAD0729C435880092E350 = {
						CreatedOnToolsVersion = 14.2;
						TestTargetID = 720AACE729C435870092E350;
					};
				};
			};
			buildConfigurationList = 720AACE329C435870092E350 /* Build configuration list for PBXProject "Class4_3" */;
			compatibilityVersion = "Xcode 14.0";
			developmentRegion = en;
			hasScannedForEncodings = 0;
			knownRegions = (
				en,
				Base,
			);
			mainGroup = 720AACDF29C435870092E350;
			productRefGroup = 720AACE929C435870092E350 /* Products */;
			projectDirPath = "";
			projectRoot = "";
			targets = (
				720AACE729C435870092E350 /* Class4_3 */,
				720AACFD29C435880092E350 /* Class4_3Tests */,
				720AAD0729C435880092E350 /* Class4_3UITests */,
			);
		};
/* End PBXProject section */

/* Begin PBXResourcesBuildPhase section */
		720AACE629C435870092E350 /* Resources */ = {
			isa = PBXResourcesBuildPhase;
			buildActionMask = 2147483647;
			files = (
				720AACF829C435880092E350 /* LaunchScreen.storyboard in Resources */,
				720AACF529C435880092E350 /* Assets.xcassets in Resources */,
				720AACF329C435870092E350 /* Main.storyboard in Resources */,
			);
			runOnlyForDeploymentPostprocessing = 0;
		};
		720AACFC29C435880092E350 /* Resources */ = {
			isa = PBXResourcesBuildPhase;
			buildActionMask = 2147483647;
			files = (
			);
			runOnlyForDeploymentPostprocessing = 0;
		};
		720AAD0629C435880092E350 /* Resources */ = {
			isa = PBXResourcesBuildPhase;
			buildActionMask = 2147483647;
			files = (
			);
			runOnlyForDeploymentPostprocessing = 0;
		};
/* End PBXResourcesBuildPhase section */

/* Begin PBXSourcesBuildPhase section */
		720AACE429C435870092E350 /* Sources */ = {
			isa = PBXSourcesBuildPhase;
			buildActionMask = 2147483647;
			files = (
				720AACF029C435870092E350 /* ViewController.swift in Sources */,
				720AACEC29C435870092E350 /* AppDelegate.swift in Sources */,
				720AACEE29C435870092E350 /* SceneDelegate.swift in Sources */,
			);
			runOnlyForDeploymentPostprocessing = 0;
		};
		720AACFA29C435880092E350 /* Sources */ = {
			isa = PBXSourcesBuildPhase;
			buildActionMask = 2147483647;
			files = (
				720AAD0329C435880092E350 /* Class4_3Tests.swift in Sources */,
			);
			runOnlyForDeploymentPostprocessing = 0;
		};
		720AAD0429C435880092E350 /* Sources */ = {
			isa = PBXSourcesBuildPhase;
			buildActionMask = 2147483647;
			files = (
				720AAD0F29C435880092E350 /* Class4_3UITestsLaunchTests.swift in Sources */,
				720AAD0D29C435880092E350 /* Class4_3UITests.swift in Sources */,
			);
			runOnlyForDeploymentPostprocessing = 0;
		};
/* End PBXSourcesBuildPhase section */

/* Begin PBXTargetDependency section */
		720AAD0029C435880092E350 /* PBXTargetDependency */ = {
			isa = PBXTargetDependency;
			target = 720AACE729C435870092E350 /* Class4_3 */;
			targetProxy = 720AACFF29C435880092E350 /* PBXContainerItemProxy */;
		};
		720AAD0A29C435880092E350 /* PBXTargetDependency */ = {
			isa = PBXTargetDependency;
			target = 720AACE729C435870092E350 /* Class4_3 */;
			targetProxy = 720AAD0929C435880092E350 /* PBXContainerItemProxy */;
		};
/* End PBXTargetDependency section */

/* Begin PBXVariantGroup section */
		720AACF129C435870092E350 /* Main.storyboard */ = {
			isa = PBXVariantGroup;
			children = (
				720AACF229C435870092E350 /* Base */,
			);
			name = Main.storyboard;
			sourceTree = "<group>";
		};
		720AACF629C435880092E350 /* LaunchScreen.storyboard */ = {
			isa = PBXVariantGroup;
			children = (
				720AACF729C435880092E350 /* Base */,
			);
			name = LaunchScreen.storyboard;
			sourceTree = "<group>";
		};
/* End PBXVariantGroup section */

/* Begin XCBuildConfiguration section */
		720AAD1029C435880092E350 /* Debug */ = {
			isa = XCBuildConfiguration;
			buildSettings = {
				ALWAYS_SEARCH_USER_PATHS = NO;
				CLANG_ANALYZER_NONNULL = YES;
				CLANG_ANALYZER_NUMBER_OBJECT_CONVERSION = YES_AGGRESSIVE;
				CLANG_CXX_LANGUAGE_STANDARD = "gnu++20";
				CLANG_ENABLE_MODULES = YES;
				CLANG_ENABLE_OBJC_ARC = YES;
				CLANG_ENABLE_OBJC_WEAK = YES;
				CLANG_WARN_BLOCK_CAPTURE_AUTORELEASING = YES;
				CLANG_WARN_BOOL_CONVERSION = YES;
				CLANG_WARN_COMMA = YES;
				CLANG_WARN_CONSTANT_CONVERSION = YES;
				CLANG_WARN_DEPRECATED_OBJC_IMPLEMENTATIONS = YES;
				CLANG_WARN_DIRECT_OBJC_ISA_USAGE = YES_ERROR;
				CLANG_WARN_DOCUMENTATION_COMMENTS = YES;
				CLANG_WARN_EMPTY_BODY = YES;
				CLANG_WARN_ENUM_CONVERSION = YES;
				CLANG_WARN_INFINITE_RECURSION = YES;
				CLANG_WARN_INT_CONVERSION = YES;
				CLANG_WARN_NON_LITERAL_NULL_CONVERSION = YES;
				CLANG_WARN_OBJC_IMPLICIT_RETAIN_SELF = YES;
				CLANG_WARN_OBJC_LITERAL_CONVERSION = YES;
				CLANG_WARN_OBJC_ROOT_CLASS = YES_ERROR;
				CLANG_WARN_QUOTED_INCLUDE_IN_FRAMEWORK_HEADER = YES;
				CLANG_WARN_RANGE_LOOP_ANALYSIS = YES;
				CLANG_WARN_STRICT_PROTOTYPES = YES;
				CLANG_WARN_SUSPICIOUS_MOVE = YES;
				CLANG_WARN_UNGUARDED_AVAILABILITY = YES_AGGRESSIVE;
				CLANG_WARN_UNREACHABLE_CODE = YES;
				CLANG_WARN__DUPLICATE_METHOD_MATCH = YES;
				COPY_PHASE_STRIP = NO;
				DEBUG_INFORMATION_FORMAT = dwarf;
				ENABLE_STRICT_OBJC_MSGSEND = YES;
				ENABLE_TESTABILITY = YES;
				GCC_C_LANGUAGE_STANDARD = gnu11;
				GCC_DYNAMIC_NO_PIC = NO;
				GCC_NO_COMMON_BLOCKS = YES;
				GCC_OPTIMIZATION_LEVEL = 0;
				GCC_PREPROCESSOR_DEFINITIONS = (
					"DEBUG=1",
					"$(inherited)",
				);
				GCC_WARN_64_TO_32_BIT_CONVERSION = YES;
				GCC_WARN_ABOUT_RETURN_TYPE = YES_ERROR;
				GCC_WARN_UNDECLARED_SELECTOR = YES;
				GCC_WARN_UNINITIALIZED_AUTOS = YES_AGGRESSIVE;
				GCC_WARN_UNUSED_FUNCTION = YES;
				GCC_WARN_UNUSED_VARIABLE = YES;
				IPHONEOS_DEPLOYMENT_TARGET = 16.2;
				MTL_ENABLE_DEBUG_INFO = INCLUDE_SOURCE;
				MTL_FAST_MATH = YES;
				ONLY_ACTIVE_ARCH = YES;
				SDKROOT = iphoneos;
				SWIFT_ACTIVE_COMPILATION_CONDITIONS = DEBUG;
				SWIFT_OPTIMIZATION_LEVEL = "-Onone";
			};
			name = Debug;
		};
		720AAD1129C435880092E350 /* Release */ = {
			isa = XCBuildConfiguration;
			buildSettings = {
				ALWAYS_SEARCH_USER_PATHS = NO;
				CLANG_ANALYZER_NONNULL = YES;
				CLANG_ANALYZER_NUMBER_OBJECT_CONVERSION = YES_AGGRESSIVE;
				CLANG_CXX_LANGUAGE_STANDARD = "gnu++20";
				CLANG_ENABLE_MODULES = YES;
				CLANG_ENABLE_OBJC_ARC = YES;
				CLANG_ENABLE_OBJC_WEAK = YES;
				CLANG_WARN_BLOCK_CAPTURE_AUTORELEASING = YES;
				CLANG_WARN_BOOL_CONVERSION = YES;
				CLANG_WARN_COMMA = YES;
				CLANG_WARN_CONSTANT_CONVERSION = YES;
				CLANG_WARN_DEPRECATED_OBJC_IMPLEMENTATIONS = YES;
				CLANG_WARN_DIRECT_OBJC_ISA_USAGE = YES_ERROR;
				CLANG_WARN_DOCUMENTATION_COMMENTS = YES;
				CLANG_WARN_EMPTY_BODY = YES;
				CLANG_WARN_ENUM_CONVERSION = YES;
				CLANG_WARN_INFINITE_RECURSION = YES;
				CLANG_WARN_INT_CONVERSION = YES;
				CLANG_WARN_NON_LITERAL_NULL_CONVERSION = YES;
				CLANG_WARN_OBJC_IMPLICIT_RETAIN_SELF = YES;
				CLANG_WARN_OBJC_LITERAL_CONVERSION = YES;
				CLANG_WARN_OBJC_ROOT_CLASS = YES_ERROR;
				CLANG_WARN_QUOTED_INCLUDE_IN_FRAMEWORK_HEADER = YES;
				CLANG_WARN_RANGE_LOOP_ANALYSIS = YES;
				CLANG_WARN_STRICT_PROTOTYPES = YES;
				CLANG_WARN_SUSPICIOUS_MOVE = YES;
				CLANG_WARN_UNGUARDED_AVAILABILITY = YES_AGGRESSIVE;
				CLANG_WARN_UNREACHABLE_CODE = YES;
				CLANG_WARN__DUPLICATE_METHOD_MATCH = YES;
				COPY_PHASE_STRIP = NO;
				DEBUG_INFORMATION_FORMAT = "dwarf-with-dsym";
				ENABLE_NS_ASSERTIONS = NO;
				ENABLE_STRICT_OBJC_MSGSEND = YES;
				GCC_C_LANGUAGE_STANDARD = gnu11;
				GCC_NO_COMMON_BLOCKS = YES;
				GCC_WARN_64_TO_32_BIT_CONVERSION = YES;
				GCC_WARN_ABOUT_RETURN_TYPE = YES_ERROR;
				GCC_WARN_UNDECLARED_SELECTOR = YES;
				GCC_WARN_UNINITIALIZED_AUTOS = YES_AGGRESSIVE;
				GCC_WARN_UNUSED_FUNCTION = YES;
				GCC_WARN_UNUSED_VARIABLE = YES;
				IPHONEOS_DEPLOYMENT_TARGET = 16.2;
				MTL_ENABLE_DEBUG_INFO = NO;
				MTL_FAST_MATH = YES;
				SDKROOT = iphoneos;
				SWIFT_COMPILATION_MODE = wholemodule;
				SWIFT_OPTIMIZATION_LEVEL = "-O";
				VALIDATE_PRODUCT = YES;
			};
			name = Release;
		};
		720AAD1329C435880092E350 /* Debug */ = {
			isa = XCBuildConfiguration;
			buildSettings = {
				ASSETCATALOG_COMPILER_APPICON_NAME = AppIcon;
				ASSETCATALOG_COMPILER_GLOBAL_ACCENT_COLOR_NAME = AccentColor;
				CODE_SIGN_STYLE = Automatic;
				CURRENT_PROJECT_VERSION = 1;
				DEVELOPMENT_TEAM = 6ULV77C4SH;
				GENERATE_INFOPLIST_FILE = YES;
				INFOPLIST_FILE = Class4_3/Info.plist;
				INFOPLIST_KEY_UIApplicationSupportsIndirectInputEvents = YES;
				INFOPLIST_KEY_UILaunchStoryboardName = LaunchScreen;
				INFOPLIST_KEY_UIMainStoryboardFile = Main;
				INFOPLIST_KEY_UISupportedInterfaceOrientations_iPad = "UIInterfaceOrientationPortrait UIInterfaceOrientationPortraitUpsideDown UIInterfaceOrientationLandscapeLeft UIInterfaceOrientationLandscapeRight";
				INFOPLIST_KEY_UISupportedInterfaceOrientations_iPhone = "UIInterfaceOrientationPortrait UIInterfaceOrientationLandscapeLeft UIInterfaceOrientationLandscapeRight";
				LD_RUNPATH_SEARCH_PATHS = (
					"$(inherited)",
					"@executable_path/Frameworks",
				);
				MARKETING_VERSION = 1.0;
				PRODUCT_BUNDLE_IDENTIFIER = "HPC.Class4-3";
				PRODUCT_NAME = "$(TARGET_NAME)";
				SWIFT_EMIT_LOC_STRINGS = YES;
				SWIFT_VERSION = 5.0;
				TARGETED_DEVICE_FAMILY = "1,2";
			};
			name = Debug;
		};
		720AAD1429C435880092E350 /* Release */ = {
			isa = XCBuildConfiguration;
			buildSettings = {
				ASSETCATALOG_COMPILER_APPICON_NAME = AppIcon;
				ASSETCATALOG_COMPILER_GLOBAL_ACCENT_COLOR_NAME = AccentColor;
				CODE_SIGN_STYLE = Automatic;
				CURRENT_PROJECT_VERSION = 1;
				DEVELOPMENT_TEAM = 6ULV77C4SH;
				GENERATE_INFOPLIST_FILE = YES;
				INFOPLIST_FILE = Class4_3/Info.plist;
				INFOPLIST_KEY_UIApplicationSupportsIndirectInputEvents = YES;
				INFOPLIST_KEY_UILaunchStoryboardName = LaunchScreen;
				INFOPLIST_KEY_UIMainStoryboardFile = Main;
				INFOPLIST_KEY_UISupportedInterfaceOrientations_iPad = "UIInterfaceOrientationPortrait UIInterfaceOrientationPortraitUpsideDown UIInterfaceOrientationLandscapeLeft UIInterfaceOrientationLandscapeRight";
				INFOPLIST_KEY_UISupportedInterfaceOrientations_iPhone = "UIInterfaceOrientationPortrait UIInterfaceOrientationLandscapeLeft UIInterfaceOrientationLandscapeRight";
				LD_RUNPATH_SEARCH_PATHS = (
					"$(inherited)",
					"@executable_path/Frameworks",
				);
				MARKETING_VERSION = 1.0;
				PRODUCT_BUNDLE_IDENTIFIER = "HPC.Class4-3";
				PRODUCT_NAME = "$(TARGET_NAME)";
				SWIFT_EMIT_LOC_STRINGS = YES;
				SWIFT_VERSION = 5.0;
				TARGETED_DEVICE_FAMILY = "1,2";
			};
			name = Release;
		};
		720AAD1629C435880092E350 /* Debug */ = {
			isa = XCBuildConfiguration;
			buildSettings = {
				ALWAYS_EMBED_SWIFT_STANDARD_LIBRARIES = YES;
				BUNDLE_LOADER = "$(TEST_HOST)";
				CODE_SIGN_STYLE = Automatic;
				CURRENT_PROJECT_VERSION = 1;
				DEVELOPMENT_TEAM = 6ULV77C4SH;
				GENERATE_INFOPLIST_FILE = YES;
				IPHONEOS_DEPLOYMENT_TARGET = 16.2;
				MARKETING_VERSION = 1.0;
				PRODUCT_BUNDLE_IDENTIFIER = "HPC.Class4-3Tests";
				PRODUCT_NAME = "$(TARGET_NAME)";
				SWIFT_EMIT_LOC_STRINGS = NO;
				SWIFT_VERSION = 5.0;
				TARGETED_DEVICE_FAMILY = "1,2";
				TEST_HOST = "$(BUILT_PRODUCTS_DIR)/Class4_3.app/$(BUNDLE_EXECUTABLE_FOLDER_PATH)/Class4_3";
			};
			name = Debug;
		};
		720AAD1729C435880092E350 /* Release */ = {
			isa = XCBuildConfiguration;
			buildSettings = {
				ALWAYS_EMBED_SWIFT_STANDARD_LIBRARIES = YES;
				BUNDLE_LOADER = "$(TEST_HOST)";
				CODE_SIGN_STYLE = Automatic;
				CURRENT_PROJECT_VERSION = 1;
				DEVELOPMENT_TEAM = 6ULV77C4SH;
				GENERATE_INFOPLIST_FILE = YES;
				IPHONEOS_DEPLOYMENT_TARGET = 16.2;
				MARKETING_VERSION = 1.0;
				PRODUCT_BUNDLE_IDENTIFIER = "HPC.Class4-3Tests";
				PRODUCT_NAME = "$(TARGET_NAME)";
				SWIFT_EMIT_LOC_STRINGS = NO;
				SWIFT_VERSION = 5.0;
				TARGETED_DEVICE_FAMILY = "1,2";
				TEST_HOST = "$(BUILT_PRODUCTS_DIR)/Class4_3.app/$(BUNDLE_EXECUTABLE_FOLDER_PATH)/Class4_3";
			};
			name = Release;
		};
		720AAD1929C435880092E350 /* Debug */ = {
			isa = XCBuildConfiguration;
			buildSettings = {
				ALWAYS_EMBED_SWIFT_STANDARD_LIBRARIES = YES;
				CODE_SIGN_STYLE = Automatic;
				CURRENT_PROJECT_VERSION = 1;
				DEVELOPMENT_TEAM = 6ULV77C4SH;
				GENERATE_INFOPLIST_FILE = YES;
				MARKETING_VERSION = 1.0;
				PRODUCT_BUNDLE_IDENTIFIER = "HPC.Class4-3UITests";
				PRODUCT_NAME = "$(TARGET_NAME)";
				SWIFT_EMIT_LOC_STRINGS = NO;
				SWIFT_VERSION = 5.0;
				TARGETED_DEVICE_FAMILY = "1,2";
				TEST_TARGET_NAME = Class4_3;
			};
			name = Debug;
		};
		720AAD1A29C435880092E350 /* Release */ = {
			isa = XCBuildConfiguration;
			buildSettings = {
				ALWAYS_EMBED_SWIFT_STANDARD_LIBRARIES = YES;
				CODE_SIGN_STYLE = Automatic;
				CURRENT_PROJECT_VERSION = 1;
				DEVELOPMENT_TEAM = 6ULV77C4SH;
				GENERATE_INFOPLIST_FILE = YES;
				MARKETING_VERSION = 1.0;
				PRODUCT_BUNDLE_IDENTIFIER = "HPC.Class4-3UITests";
				PRODUCT_NAME = "$(TARGET_NAME)";
				SWIFT_EMIT_LOC_STRINGS = NO;
				SWIFT_VERSION = 5.0;
				TARGETED_DEVICE_FAMILY = "1,2";
				TEST_TARGET_NAME = Class4_3;
			};
			name = Release;
		};
/* End XCBuildConfiguration section */

/* Begin XCConfigurationList section */
		720AACE329C435870092E350 /* Build configuration list for PBXProject "Class4_3" */ = {
			isa = XCConfigurationList;
			buildConfigurations = (
				720AAD1029C435880092E350 /* Debug */,
				720AAD1129C435880092E350 /* Release */,
			);
			defaultConfigurationIsVisible = 0;
			defaultConfigurationName = Release;
		};
		720AAD1229C435880092E350 /* Build configuration list for PBXNativeTarget "Class4_3" */ = {
			isa = XCConfigurationList;
			buildConfigurations = (
				720AAD1329C435880092E350 /* Debug */,
				720AAD1429C435880092E350 /* Release */,
			);
			defaultConfigurationIsVisible = 0;
			defaultConfigurationName = Release;
		};
		720AAD1529C435880092E350 /* Build configuration list for PBXNativeTarget "Class4_3Tests" */ = {
			isa = XCConfigurationList;
			buildConfigurations = (
				720AAD1629C435880092E350 /* Debug */,
				720AAD1729C435880092E350 /* Release */,
			);
			defaultConfigurationIsVisible = 0;
			defaultConfigurationName = Release;
		};
		720AAD1829C435880092E350 /* Build configuration list for PBXNativeTarget "Class4_3UITests" */ = {
			isa = XCConfigurationList;
			buildConfigurations = (
				720AAD1929C435880092E350 /* Debug */,
				720AAD1A29C435880092E350 /* Release */,
			);
			defaultConfigurationIsVisible = 0;
			defaultConfigurationName = Release;
		};
/* End XCConfigurationList section */
	};
	rootObject = 720AACE029C435870092E350 /* Project object */;
}
