// !$*UTF8*$!
{
	archiveVersion = 1;
	classes = {
	};
	objectVersion = 56;
	objects = {

/* Begin PBXBuildFile section */
		722274AF29C19B9200A11D37 /* AppDelegate.swift in Sources */ = {isa = PBXBuildFile; fileRef = 722274AE29C19B9200A11D37 /* AppDelegate.swift */; };
		722274B129C19B9200A11D37 /* SceneDelegate.swift in Sources */ = {isa = PBXBuildFile; fileRef = 722274B029C19B9200A11D37 /* SceneDelegate.swift */; };
		722274B329C19B9200A11D37 /* ViewController.swift in Sources */ = {isa = PBXBuildFile; fileRef = 722274B229C19B9200A11D37 /* ViewController.swift */; };
		722274B629C19B9200A11D37 /* Main.storyboard in Resources */ = {isa = PBXBuildFile; fileRef = 722274B429C19B9200A11D37 /* Main.storyboard */; };
		722274B829C19B9300A11D37 /* Assets.xcassets in Resources */ = {isa = PBXBuildFile; fileRef = 722274B729C19B9300A11D37 /* Assets.xcassets */; };
		722274BB29C19B9300A11D37 /* LaunchScreen.storyboard in Resources */ = {isa = PBXBuildFile; fileRef = 722274B929C19B9300A11D37 /* LaunchScreen.storyboard */; };
		722274C629C19B9300A11D37 /* Class4Tests.swift in Sources */ = {isa = PBXBuildFile; fileRef = 722274C529C19B9300A11D37 /* Class4Tests.swift */; };
		722274D029C19B9300A11D37 /* Class4UITests.swift in Sources */ = {isa = PBXBuildFile; fileRef = 722274CF29C19B9300A11D37 /* Class4UITests.swift */; };
		722274D229C19B9300A11D37 /* Class4UITestsLaunchTests.swift in Sources */ = {isa = PBXBuildFile; fileRef = 722274D129C19B9300A11D37 /* Class4UITestsLaunchTests.swift */; };
		722274DF29C19ED500A11D37 /* google_icon.png in Resources */ = {isa = PBXBuildFile; fileRef = 722274DE29C19ED500A11D37 /* google_icon.png */; };
/* End PBXBuildFile section */

/* Begin PBXContainerItemProxy section */
		722274C229C19B9300A11D37 /* PBXContainerItemProxy */ = {
			isa = PBXContainerItemProxy;
			containerPortal = 722274A329C19B9200A11D37 /* Project object */;
			proxyType = 1;
			remoteGlobalIDString = 722274AA29C19B9200A11D37;
			remoteInfo = Class4;
		};
		722274CC29C19B9300A11D37 /* PBXContainerItemProxy */ = {
			isa = PBXContainerItemProxy;
			containerPortal = 722274A329C19B9200A11D37 /* Project object */;
			proxyType = 1;
			remoteGlobalIDString = 722274AA29C19B9200A11D37;
			remoteInfo = Class4;
		};
/* End PBXContainerItemProxy section */

/* Begin PBXFileReference section */
		722274AB29C19B9200A11D37 /* Class4.app */ = {isa = PBXFileReference; explicitFileType = wrapper.application; includeInIndex = 0; path = Class4.app; sourceTree = BUILT_PRODUCTS_DIR; };
		722274AE29C19B9200A11D37 /* AppDelegate.swift */ = {isa = PBXFileReference; lastKnownFileType = sourcecode.swift; path = AppDelegate.swift; sourceTree = "<group>"; };
		722274B029C19B9200A11D37 /* SceneDelegate.swift */ = {isa = PBXFileReference; lastKnownFileType = sourcecode.swift; path = SceneDelegate.swift; sourceTree = "<group>"; };
		722274B229C19B9200A11D37 /* ViewController.swift */ = {isa = PBXFileReference; lastKnownFileType = sourcecode.swift; path = ViewController.swift; sourceTree = "<group>"; };
		722274B529C19B9200A11D37 /* Base */ = {isa = PBXFileReference; lastKnownFileType = file.storyboard; name = Base; path = Base.lproj/Main.storyboard; sourceTree = "<group>"; };
		722274B729C19B9300A11D37 /* Assets.xcassets */ = {isa = PBXFileReference; lastKnownFileType = folder.assetcatalog; path = Assets.xcassets; sourceTree = "<group>"; };
		722274BA29C19B9300A11D37 /* Base */ = {isa = PBXFileReference; lastKnownFileType = file.storyboard; name = Base; path = Base.lproj/LaunchScreen.storyboard; sourceTree = "<group>"; };
		722274BC29C19B9300A11D37 /* Info.plist */ = {isa = PBXFileReference; lastKnownFileType = text.plist.xml; path = Info.plist; sourceTree = "<group>"; };
		722274C129C19B9300A11D37 /* Class4Tests.xctest */ = {isa = PBXFileReference; explicitFileType = wrapper.cfbundle; includeInIndex = 0; path = Class4Tests.xctest; sourceTree = BUILT_PRODUCTS_DIR; };
		722274C529C19B9300A11D37 /* Class4Tests.swift */ = {isa = PBXFileReference; lastKnownFileType = sourcecode.swift; path = Class4Tests.swift; sourceTree = "<group>"; };
		722274CB29C19B9300A11D37 /* Class4UITests.xctest */ = {isa = PBXFileReference; explicitFileType = wrapper.cfbundle; includeInIndex = 0; path = Class4UITests.xctest; sourceTree = BUILT_PRODUCTS_DIR; };
		722274CF29C19B9300A11D37 /* Class4UITests.swift */ = {isa = PBXFileReference; lastKnownFileType = sourcecode.swift; path = Class4UITests.swift; sourceTree = "<group>"; };
		722274D129C19B9300A11D37 /* Class4UITestsLaunchTests.swift */ = {isa = PBXFileReference; lastKnownFileType = sourcecode.swift; path = Class4UITestsLaunchTests.swift; sourceTree = "<group>"; };
		722274DE29C19ED500A11D37 /* google_icon.png */ = {isa = PBXFileReference; lastKnownFileType = image.png; path = google_icon.png; sourceTree = "<group>"; };
/* End PBXFileReference section */

/* Begin PBXFrameworksBuildPhase section */
		722274A829C19B9200A11D37 /* Frameworks */ = {
			isa = PBXFrameworksBuildPhase;
			buildActionMask = 2147483647;
			files = (
			);
			runOnlyForDeploymentPostprocessing = 0;
		};
		722274BE29C19B9300A11D37 /* Frameworks */ = {
			isa = PBXFrameworksBuildPhase;
			buildActionMask = 2147483647;
			files = (
			);
			runOnlyForDeploymentPostprocessing = 0;
		};
		722274C829C19B9300A11D37 /* Frameworks */ = {
			isa = PBXFrameworksBuildPhase;
			buildActionMask = 2147483647;
			files = (
			);
			runOnlyForDeploymentPostprocessing = 0;
		};
/* End PBXFrameworksBuildPhase section */

/* Begin PBXGroup section */
		722274A229C19B9200A11D37 = {
			isa = PBXGroup;
			children = (
				722274AD29C19B9200A11D37 /* Class4 */,
				722274C429C19B9300A11D37 /* Class4Tests */,
				722274CE29C19B9300A11D37 /* Class4UITests */,
				722274AC29C19B9200A11D37 /* Products */,
			);
			sourceTree = "<group>";
		};
		722274AC29C19B9200A11D37 /* Products */ = {
			isa = PBXGroup;
			children = (
				722274AB29C19B9200A11D37 /* Class4.app */,
				722274C129C19B9300A11D37 /* Class4Tests.xctest */,
				722274CB29C19B9300A11D37 /* Class4UITests.xctest */,
			);
			name = Products;
			sourceTree = "<group>";
		};
		722274AD29C19B9200A11D37 /* Class4 */ = {
			isa = PBXGroup;
			children = (
				722274AE29C19B9200A11D37 /* AppDelegate.swift */,
				722274B029C19B9200A11D37 /* SceneDelegate.swift */,
				722274B229C19B9200A11D37 /* ViewController.swift */,
				722274DE29C19ED500A11D37 /* google_icon.png */,
				722274B429C19B9200A11D37 /* Main.storyboard */,
				722274B729C19B9300A11D37 /* Assets.xcassets */,
				722274B929C19B9300A11D37 /* LaunchScreen.storyboard */,
				722274BC29C19B9300A11D37 /* Info.plist */,
			);
			path = Class4;
			sourceTree = "<group>";
		};
		722274C429C19B9300A11D37 /* Class4Tests */ = {
			isa = PBXGroup;
			children = (
				722274C529C19B9300A11D37 /* Class4Tests.swift */,
			);
			path = Class4Tests;
			sourceTree = "<group>";
		};
		722274CE29C19B9300A11D37 /* Class4UITests */ = {
			isa = PBXGroup;
			children = (
				722274CF29C19B9300A11D37 /* Class4UITests.swift */,
				722274D129C19B9300A11D37 /* Class4UITestsLaunchTests.swift */,
			);
			path = Class4UITests;
			sourceTree = "<group>";
		};
/* End PBXGroup section */

/* Begin PBXNativeTarget section */
		722274AA29C19B9200A11D37 /* Class4 */ = {
			isa = PBXNativeTarget;
			buildConfigurationList = 722274D529C19B9300A11D37 /* Build configuration list for PBXNativeTarget "Class4" */;
			buildPhases = (
				722274A729C19B9200A11D37 /* Sources */,
				722274A829C19B9200A11D37 /* Frameworks */,
				722274A929C19B9200A11D37 /* Resources */,
			);
			buildRules = (
			);
			dependencies = (
			);
			name = Class4;
			productName = Class4;
			productReference = 722274AB29C19B9200A11D37 /* Class4.app */;
			productType = "com.apple.product-type.application";
		};
		722274C029C19B9300A11D37 /* Class4Tests */ = {
			isa = PBXNativeTarget;
			buildConfigurationList = 722274D829C19B9300A11D37 /* Build configuration list for PBXNativeTarget "Class4Tests" */;
			buildPhases = (
				722274BD29C19B9300A11D37 /* Sources */,
				722274BE29C19B9300A11D37 /* Frameworks */,
				722274BF29C19B9300A11D37 /* Resources */,
			);
			buildRules = (
			);
			dependencies = (
				722274C329C19B9300A11D37 /* PBXTargetDependency */,
			);
			name = Class4Tests;
			productName = Class4Tests;
			productReference = 722274C129C19B9300A11D37 /* Class4Tests.xctest */;
			productType = "com.apple.product-type.bundle.unit-test";
		};
		722274CA29C19B9300A11D37 /* Class4UITests */ = {
			isa = PBXNativeTarget;
			buildConfigurationList = 722274DB29C19B9300A11D37 /* Build configuration list for PBXNativeTarget "Class4UITests" */;
			buildPhases = (
				722274C729C19B9300A11D37 /* Sources */,
				722274C829C19B9300A11D37 /* Frameworks */,
				722274C929C19B9300A11D37 /* Resources */,
			);
			buildRules = (
			);
			dependencies = (
				722274CD29C19B9300A11D37 /* PBXTargetDependency */,
			);
			name = Class4UITests;
			productName = Class4UITests;
			productReference = 722274CB29C19B9300A11D37 /* Class4UITests.xctest */;
			productType = "com.apple.product-type.bundle.ui-testing";
		};
/* End PBXNativeTarget section */

/* Begin PBXProject section */
		722274A329C19B9200A11D37 /* Project object */ = {
			isa = PBXProject;
			attributes = {
				BuildIndependentTargetsInParallel = 1;
				LastSwiftUpdateCheck = 1420;
				LastUpgradeCheck = 1420;
				TargetAttributes = {
					722274AA29C19B9200A11D37 = {
						CreatedOnToolsVersion = 14.2;
					};
					722274C029C19B9300A11D37 = {
						CreatedOnToolsVersion = 14.2;
						TestTargetID = 722274AA29C19B9200A11D37;
					};
					722274CA29C19B9300A11D37 = {
						CreatedOnToolsVersion = 14.2;
						TestTargetID = 722274AA29C19B9200A11D37;
					};
				};
			};
			buildConfigurationList = 722274A629C19B9200A11D37 /* Build configuration list for PBXProject "Class4" */;
			compatibilityVersion = "Xcode 14.0";
			developmentRegion = en;
			hasScannedForEncodings = 0;
			knownRegions = (
				en,
				Base,
			);
			mainGroup = 722274A229C19B9200A11D37;
			productRefGroup = 722274AC29C19B9200A11D37 /* Products */;
			projectDirPath = "";
			projectRoot = "";
			targets = (
				722274AA29C19B9200A11D37 /* Class4 */,
				722274C029C19B9300A11D37 /* Class4Tests */,
				722274CA29C19B9300A11D37 /* Class4UITests */,
			);
		};
/* End PBXProject section */

/* Begin PBXResourcesBuildPhase section */
		722274A929C19B9200A11D37 /* Resources */ = {
			isa = PBXResourcesBuildPhase;
			buildActionMask = 2147483647;
			files = (
				722274BB29C19B9300A11D37 /* LaunchScreen.storyboard in Resources */,
				722274B829C19B9300A11D37 /* Assets.xcassets in Resources */,
				722274B629C19B9200A11D37 /* Main.storyboard in Resources */,
				722274DF29C19ED500A11D37 /* google_icon.png in Resources */,
			);
			runOnlyForDeploymentPostprocessing = 0;
		};
		722274BF29C19B9300A11D37 /* Resources */ = {
			isa = PBXResourcesBuildPhase;
			buildActionMask = 2147483647;
			files = (
			);
			runOnlyForDeploymentPostprocessing = 0;
		};
		722274C929C19B9300A11D37 /* Resources */ = {
			isa = PBXResourcesBuildPhase;
			buildActionMask = 2147483647;
			files = (
			);
			runOnlyForDeploymentPostprocessing = 0;
		};
/* End PBXResourcesBuildPhase section */

/* Begin PBXSourcesBuildPhase section */
		722274A729C19B9200A11D37 /* Sources */ = {
			isa = PBXSourcesBuildPhase;
			buildActionMask = 2147483647;
			files = (
				722274B329C19B9200A11D37 /* ViewController.swift in Sources */,
				722274AF29C19B9200A11D37 /* AppDelegate.swift in Sources */,
				722274B129C19B9200A11D37 /* SceneDelegate.swift in Sources */,
			);
			runOnlyForDeploymentPostprocessing = 0;
		};
		722274BD29C19B9300A11D37 /* Sources */ = {
			isa = PBXSourcesBuildPhase;
			buildActionMask = 2147483647;
			files = (
				722274C629C19B9300A11D37 /* Class4Tests.swift in Sources */,
			);
			runOnlyForDeploymentPostprocessing = 0;
		};
		722274C729C19B9300A11D37 /* Sources */ = {
			isa = PBXSourcesBuildPhase;
			buildActionMask = 2147483647;
			files = (
				722274D229C19B9300A11D37 /* Class4UITestsLaunchTests.swift in Sources */,
				722274D029C19B9300A11D37 /* Class4UITests.swift in Sources */,
			);
			runOnlyForDeploymentPostprocessing = 0;
		};
/* End PBXSourcesBuildPhase section */

/* Begin PBXTargetDependency section */
		722274C329C19B9300A11D37 /* PBXTargetDependency */ = {
			isa = PBXTargetDependency;
			target = 722274AA29C19B9200A11D37 /* Class4 */;
			targetProxy = 722274C229C19B9300A11D37 /* PBXContainerItemProxy */;
		};
		722274CD29C19B9300A11D37 /* PBXTargetDependency */ = {
			isa = PBXTargetDependency;
			target = 722274AA29C19B9200A11D37 /* Class4 */;
			targetProxy = 722274CC29C19B9300A11D37 /* PBXContainerItemProxy */;
		};
/* End PBXTargetDependency section */

/* Begin PBXVariantGroup section */
		722274B429C19B9200A11D37 /* Main.storyboard */ = {
			isa = PBXVariantGroup;
			children = (
				722274B529C19B9200A11D37 /* Base */,
			);
			name = Main.storyboard;
			sourceTree = "<group>";
		};
		722274B929C19B9300A11D37 /* LaunchScreen.storyboard */ = {
			isa = PBXVariantGroup;
			children = (
				722274BA29C19B9300A11D37 /* Base */,
			);
			name = LaunchScreen.storyboard;
			sourceTree = "<group>";
		};
/* End PBXVariantGroup section */

/* Begin XCBuildConfiguration section */
		722274D329C19B9300A11D37 /* Debug */ = {
			isa = XCBuildConfiguration;
			buildSettings = {
				ALWAYS_SEARCH_USER_PATHS = NO;
				CLANG_ANALYZER_NONNULL = YES;
				CLANG_ANALYZER_NUMBER_OBJECT_CONVERSION = YES_AGGRESSIVE;
				CLANG_CXX_LANGUAGE_STANDARD = "gnu++20";
				CLANG_ENABLE_MODULES = YES;
				CLANG_ENABLE_OBJC_ARC = YES;
				CLANG_ENABLE_OBJC_WEAK = YES;
				CLANG_WARN_BLOCK_CAPTURE_AUTORELEASING = YES;
				CLANG_WARN_BOOL_CONVERSION = YES;
				CLANG_WARN_COMMA = YES;
				CLANG_WARN_CONSTANT_CONVERSION = YES;
				CLANG_WARN_DEPRECATED_OBJC_IMPLEMENTATIONS = YES;
				CLANG_WARN_DIRECT_OBJC_ISA_USAGE = YES_ERROR;
				CLANG_WARN_DOCUMENTATION_COMMENTS = YES;
				CLANG_WARN_EMPTY_BODY = YES;
				CLANG_WARN_ENUM_CONVERSION = YES;
				CLANG_WARN_INFINITE_RECURSION = YES;
				CLANG_WARN_INT_CONVERSION = YES;
				CLANG_WARN_NON_LITERAL_NULL_CONVERSION = YES;
				CLANG_WARN_OBJC_IMPLICIT_RETAIN_SELF = YES;
				CLANG_WARN_OBJC_LITERAL_CONVERSION = YES;
				CLANG_WARN_OBJC_ROOT_CLASS = YES_ERROR;
				CLANG_WARN_QUOTED_INCLUDE_IN_FRAMEWORK_HEADER = YES;
				CLANG_WARN_RANGE_LOOP_ANALYSIS = YES;
				CLANG_WARN_STRICT_PROTOTYPES = YES;
				CLANG_WARN_SUSPICIOUS_MOVE = YES;
				CLANG_WARN_UNGUARDED_AVAILABILITY = YES_AGGRESSIVE;
				CLANG_WARN_UNREACHABLE_CODE = YES;
				CLANG_WARN__DUPLICATE_METHOD_MATCH = YES;
				COPY_PHASE_STRIP = NO;
				DEBUG_INFORMATION_FORMAT = dwarf;
				ENABLE_STRICT_OBJC_MSGSEND = YES;
				ENABLE_TESTABILITY = YES;
				GCC_C_LANGUAGE_STANDARD = gnu11;
				GCC_DYNAMIC_NO_PIC = NO;
				GCC_NO_COMMON_BLOCKS = YES;
				GCC_OPTIMIZATION_LEVEL = 0;
				GCC_PREPROCESSOR_DEFINITIONS = (
					"DEBUG=1",
					"$(inherited)",
				);
				GCC_WARN_64_TO_32_BIT_CONVERSION = YES;
				GCC_WARN_ABOUT_RETURN_TYPE = YES_ERROR;
				GCC_WARN_UNDECLARED_SELECTOR = YES;
				GCC_WARN_UNINITIALIZED_AUTOS = YES_AGGRESSIVE;
				GCC_WARN_UNUSED_FUNCTION = YES;
				GCC_WARN_UNUSED_VARIABLE = YES;
				IPHONEOS_DEPLOYMENT_TARGET = 16.2;
				MTL_ENABLE_DEBUG_INFO = INCLUDE_SOURCE;
				MTL_FAST_MATH = YES;
				ONLY_ACTIVE_ARCH = YES;
				SDKROOT = iphoneos;
				SWIFT_ACTIVE_COMPILATION_CONDITIONS = DEBUG;
				SWIFT_OPTIMIZATION_LEVEL = "-Onone";
			};
			name = Debug;
		};
		722274D429C19B9300A11D37 /* Release */ = {
			isa = XCBuildConfiguration;
			buildSettings = {
				ALWAYS_SEARCH_USER_PATHS = NO;
				CLANG_ANALYZER_NONNULL = YES;
				CLANG_ANALYZER_NUMBER_OBJECT_CONVERSION = YES_AGGRESSIVE;
				CLANG_CXX_LANGUAGE_STANDARD = "gnu++20";
				CLANG_ENABLE_MODULES = YES;
				CLANG_ENABLE_OBJC_ARC = YES;
				CLANG_ENABLE_OBJC_WEAK = YES;
				CLANG_WARN_BLOCK_CAPTURE_AUTORELEASING = YES;
				CLANG_WARN_BOOL_CONVERSION = YES;
				CLANG_WARN_COMMA = YES;
				CLANG_WARN_CONSTANT_CONVERSION = YES;
				CLANG_WARN_DEPRECATED_OBJC_IMPLEMENTATIONS = YES;
				CLANG_WARN_DIRECT_OBJC_ISA_USAGE = YES_ERROR;
				CLANG_WARN_DOCUMENTATION_COMMENTS = YES;
				CLANG_WARN_EMPTY_BODY = YES;
				CLANG_WARN_ENUM_CONVERSION = YES;
				CLANG_WARN_INFINITE_RECURSION = YES;
				CLANG_WARN_INT_CONVERSION = YES;
				CLANG_WARN_NON_LITERAL_NULL_CONVERSION = YES;
				CLANG_WARN_OBJC_IMPLICIT_RETAIN_SELF = YES;
				CLANG_WARN_OBJC_LITERAL_CONVERSION = YES;
				CLANG_WARN_OBJC_ROOT_CLASS = YES_ERROR;
				CLANG_WARN_QUOTED_INCLUDE_IN_FRAMEWORK_HEADER = YES;
				CLANG_WARN_RANGE_LOOP_ANALYSIS = YES;
				CLANG_WARN_STRICT_PROTOTYPES = YES;
				CLANG_WARN_SUSPICIOUS_MOVE = YES;
				CLANG_WARN_UNGUARDED_AVAILABILITY = YES_AGGRESSIVE;
				CLANG_WARN_UNREACHABLE_CODE = YES;
				CLANG_WARN__DUPLICATE_METHOD_MATCH = YES;
				COPY_PHASE_STRIP = NO;
				DEBUG_INFORMATION_FORMAT = "dwarf-with-dsym";
				ENABLE_NS_ASSERTIONS = NO;
				ENABLE_STRICT_OBJC_MSGSEND = YES;
				GCC_C_LANGUAGE_STANDARD = gnu11;
				GCC_NO_COMMON_BLOCKS = YES;
				GCC_WARN_64_TO_32_BIT_CONVERSION = YES;
				GCC_WARN_ABOUT_RETURN_TYPE = YES_ERROR;
				GCC_WARN_UNDECLARED_SELECTOR = YES;
				GCC_WARN_UNINITIALIZED_AUTOS = YES_AGGRESSIVE;
				GCC_WARN_UNUSED_FUNCTION = YES;
				GCC_WARN_UNUSED_VARIABLE = YES;
				IPHONEOS_DEPLOYMENT_TARGET = 16.2;
				MTL_ENABLE_DEBUG_INFO = NO;
				MTL_FAST_MATH = YES;
				SDKROOT = iphoneos;
				SWIFT_COMPILATION_MODE = wholemodule;
				SWIFT_OPTIMIZATION_LEVEL = "-O";
				VALIDATE_PRODUCT = YES;
			};
			name = Release;
		};
		722274D629C19B9300A11D37 /* Debug */ = {
			isa = XCBuildConfiguration;
			buildSettings = {
				ASSETCATALOG_COMPILER_APPICON_NAME = AppIcon;
				ASSETCATALOG_COMPILER_GLOBAL_ACCENT_COLOR_NAME = AccentColor;
				CODE_SIGN_STYLE = Automatic;
				CURRENT_PROJECT_VERSION = 1;
				DEVELOPMENT_TEAM = 6ULV77C4SH;
				GENERATE_INFOPLIST_FILE = YES;
				INFOPLIST_FILE = Class4/Info.plist;
				INFOPLIST_KEY_UIApplicationSupportsIndirectInputEvents = YES;
				INFOPLIST_KEY_UILaunchStoryboardName = LaunchScreen;
				INFOPLIST_KEY_UIMainStoryboardFile = Main;
				INFOPLIST_KEY_UISupportedInterfaceOrientations_iPad = "UIInterfaceOrientationPortrait UIInterfaceOrientationPortraitUpsideDown UIInterfaceOrientationLandscapeLeft UIInterfaceOrientationLandscapeRight";
				INFOPLIST_KEY_UISupportedInterfaceOrientations_iPhone = "UIInterfaceOrientationPortrait UIInterfaceOrientationLandscapeLeft UIInterfaceOrientationLandscapeRight";
				LD_RUNPATH_SEARCH_PATHS = (
					"$(inherited)",
					"@executable_path/Frameworks",
				);
				MARKETING_VERSION = 1.0;
				PRODUCT_BUNDLE_IDENTIFIER = HPC.Class4;
				PRODUCT_NAME = "$(TARGET_NAME)";
				SWIFT_EMIT_LOC_STRINGS = YES;
				SWIFT_VERSION = 5.0;
				TARGETED_DEVICE_FAMILY = "1,2";
			};
			name = Debug;
		};
		722274D729C19B9300A11D37 /* Release */ = {
			isa = XCBuildConfiguration;
			buildSettings = {
				ASSETCATALOG_COMPILER_APPICON_NAME = AppIcon;
				ASSETCATALOG_COMPILER_GLOBAL_ACCENT_COLOR_NAME = AccentColor;
				CODE_SIGN_STYLE = Automatic;
				CURRENT_PROJECT_VERSION = 1;
				DEVELOPMENT_TEAM = 6ULV77C4SH;
				GENERATE_INFOPLIST_FILE = YES;
				INFOPLIST_FILE = Class4/Info.plist;
				INFOPLIST_KEY_UIApplicationSupportsIndirectInputEvents = YES;
				INFOPLIST_KEY_UILaunchStoryboardName = LaunchScreen;
				INFOPLIST_KEY_UIMainStoryboardFile = Main;
				INFOPLIST_KEY_UISupportedInterfaceOrientations_iPad = "UIInterfaceOrientationPortrait UIInterfaceOrientationPortraitUpsideDown UIInterfaceOrientationLandscapeLeft UIInterfaceOrientationLandscapeRight";
				INFOPLIST_KEY_UISupportedInterfaceOrientations_iPhone = "UIInterfaceOrientationPortrait UIInterfaceOrientationLandscapeLeft UIInterfaceOrientationLandscapeRight";
				LD_RUNPATH_SEARCH_PATHS = (
					"$(inherited)",
					"@executable_path/Frameworks",
				);
				MARKETING_VERSION = 1.0;
				PRODUCT_BUNDLE_IDENTIFIER = HPC.Class4;
				PRODUCT_NAME = "$(TARGET_NAME)";
				SWIFT_EMIT_LOC_STRINGS = YES;
				SWIFT_VERSION = 5.0;
				TARGETED_DEVICE_FAMILY = "1,2";
			};
			name = Release;
		};
		722274D929C19B9300A11D37 /* Debug */ = {
			isa = XCBuildConfiguration;
			buildSettings = {
				ALWAYS_EMBED_SWIFT_STANDARD_LIBRARIES = YES;
				BUNDLE_LOADER = "$(TEST_HOST)";
				CODE_SIGN_STYLE = Automatic;
				CURRENT_PROJECT_VERSION = 1;
				DEVELOPMENT_TEAM = 6ULV77C4SH;
				GENERATE_INFOPLIST_FILE = YES;
				IPHONEOS_DEPLOYMENT_TARGET = 16.2;
				MARKETING_VERSION = 1.0;
				PRODUCT_BUNDLE_IDENTIFIER = HPC.Class4Tests;
				PRODUCT_NAME = "$(TARGET_NAME)";
				SWIFT_EMIT_LOC_STRINGS = NO;
				SWIFT_VERSION = 5.0;
				TARGETED_DEVICE_FAMILY = "1,2";
				TEST_HOST = "$(BUILT_PRODUCTS_DIR)/Class4.app/$(BUNDLE_EXECUTABLE_FOLDER_PATH)/Class4";
			};
			name = Debug;
		};
		722274DA29C19B9300A11D37 /* Release */ = {
			isa = XCBuildConfiguration;
			buildSettings = {
				ALWAYS_EMBED_SWIFT_STANDARD_LIBRARIES = YES;
				BUNDLE_LOADER = "$(TEST_HOST)";
				CODE_SIGN_STYLE = Automatic;
				CURRENT_PROJECT_VERSION = 1;
				DEVELOPMENT_TEAM = 6ULV77C4SH;
				GENERATE_INFOPLIST_FILE = YES;
				IPHONEOS_DEPLOYMENT_TARGET = 16.2;
				MARKETING_VERSION = 1.0;
				PRODUCT_BUNDLE_IDENTIFIER = HPC.Class4Tests;
				PRODUCT_NAME = "$(TARGET_NAME)";
				SWIFT_EMIT_LOC_STRINGS = NO;
				SWIFT_VERSION = 5.0;
				TARGETED_DEVICE_FAMILY = "1,2";
				TEST_HOST = "$(BUILT_PRODUCTS_DIR)/Class4.app/$(BUNDLE_EXECUTABLE_FOLDER_PATH)/Class4";
			};
			name = Release;
		};
		722274DC29C19B9300A11D37 /* Debug */ = {
			isa = XCBuildConfiguration;
			buildSettings = {
				ALWAYS_EMBED_SWIFT_STANDARD_LIBRARIES = YES;
				CODE_SIGN_STYLE = Automatic;
				CURRENT_PROJECT_VERSION = 1;
				DEVELOPMENT_TEAM = 6ULV77C4SH;
				GENERATE_INFOPLIST_FILE = YES;
				MARKETING_VERSION = 1.0;
				PRODUCT_BUNDLE_IDENTIFIER = HPC.Class4UITests;
				PRODUCT_NAME = "$(TARGET_NAME)";
				SWIFT_EMIT_LOC_STRINGS = NO;
				SWIFT_VERSION = 5.0;
				TARGETED_DEVICE_FAMILY = "1,2";
				TEST_TARGET_NAME = Class4;
			};
			name = Debug;
		};
		722274DD29C19B9300A11D37 /* Release */ = {
			isa = XCBuildConfiguration;
			buildSettings = {
				ALWAYS_EMBED_SWIFT_STANDARD_LIBRARIES = YES;
				CODE_SIGN_STYLE = Automatic;
				CURRENT_PROJECT_VERSION = 1;
				DEVELOPMENT_TEAM = 6ULV77C4SH;
				GENERATE_INFOPLIST_FILE = YES;
				MARKETING_VERSION = 1.0;
				PRODUCT_BUNDLE_IDENTIFIER = HPC.Class4UITests;
				PRODUCT_NAME = "$(TARGET_NAME)";
				SWIFT_EMIT_LOC_STRINGS = NO;
				SWIFT_VERSION = 5.0;
				TARGETED_DEVICE_FAMILY = "1,2";
				TEST_TARGET_NAME = Class4;
			};
			name = Release;
		};
/* End XCBuildConfiguration section */

/* Begin XCConfigurationList section */
		722274A629C19B9200A11D37 /* Build configuration list for PBXProject "Class4" */ = {
			isa = XCConfigurationList;
			buildConfigurations = (
				722274D329C19B9300A11D37 /* Debug */,
				722274D429C19B9300A11D37 /* Release */,
			);
			defaultConfigurationIsVisible = 0;
			defaultConfigurationName = Release;
		};
		722274D529C19B9300A11D37 /* Build configuration list for PBXNativeTarget "Class4" */ = {
			isa = XCConfigurationList;
			buildConfigurations = (
				722274D629C19B9300A11D37 /* Debug */,
				722274D729C19B9300A11D37 /* Release */,
			);
			defaultConfigurationIsVisible = 0;
			defaultConfigurationName = Release;
		};
		722274D829C19B9300A11D37 /* Build configuration list for PBXNativeTarget "Class4Tests" */ = {
			isa = XCConfigurationList;
			buildConfigurations = (
				722274D929C19B9300A11D37 /* Debug */,
				722274DA29C19B9300A11D37 /* Release */,
			);
			defaultConfigurationIsVisible = 0;
			defaultConfigurationName = Release;
		};
		722274DB29C19B9300A11D37 /* Build configuration list for PBXNativeTarget "Class4UITests" */ = {
			isa = XCConfigurationList;
			buildConfigurations = (
				722274DC29C19B9300A11D37 /* Debug */,
				722274DD29C19B9300A11D37 /* Release */,
			);
			defaultConfigurationIsVisible = 0;
			defaultConfigurationName = Release;
		};
/* End XCConfigurationList section */
	};
	rootObject = 722274A329C19B9200A11D37 /* Project object */;
}
