// !$*UTF8*$!
{
	archiveVersion = 1;
	classes = {
	};
	objectVersion = 56;
	objects = {

/* Begin PBXBuildFile section */
		720AACAE29C426090092E350 /* AppDelegate.swift in Sources */ = {isa = PBXBuildFile; fileRef = 720AACAD29C426090092E350 /* AppDelegate.swift */; };
		720AACB029C426090092E350 /* SceneDelegate.swift in Sources */ = {isa = PBXBuildFile; fileRef = 720AACAF29C426090092E350 /* SceneDelegate.swift */; };
		720AACB529C426090092E350 /* Main.storyboard in Resources */ = {isa = PBXBuildFile; fileRef = 720AACB329C426090092E350 /* Main.storyboard */; };
		720AACB729C4260A0092E350 /* Assets.xcassets in Resources */ = {isa = PBXBuildFile; fileRef = 720AACB629C4260A0092E350 /* Assets.xcassets */; };
		720AACBA29C4260A0092E350 /* LaunchScreen.storyboard in Resources */ = {isa = PBXBuildFile; fileRef = 720AACB829C4260A0092E350 /* LaunchScreen.storyboard */; };
		720AACC529C4260A0092E350 /* HW2_ListTests.swift in Sources */ = {isa = PBXBuildFile; fileRef = 720AACC429C4260A0092E350 /* HW2_ListTests.swift */; };
		720AACCF29C4260A0092E350 /* HW2_ListUITests.swift in Sources */ = {isa = PBXBuildFile; fileRef = 720AACCE29C4260A0092E350 /* HW2_ListUITests.swift */; };
		720AACD129C4260A0092E350 /* HW2_ListUITestsLaunchTests.swift in Sources */ = {isa = PBXBuildFile; fileRef = 720AACD029C4260A0092E350 /* HW2_ListUITestsLaunchTests.swift */; };
		720AACDE29C428B10092E350 /* TableViewController.swift in Sources */ = {isa = PBXBuildFile; fileRef = 720AACDD29C428B10092E350 /* TableViewController.swift */; };
		728CDDC129C5918800E745F1 /* ViewController.swift in Sources */ = {isa = PBXBuildFile; fileRef = 728CDDC029C5918800E745F1 /* ViewController.swift */; };
/* End PBXBuildFile section */

/* Begin PBXContainerItemProxy section */
		720AACC129C4260A0092E350 /* PBXContainerItemProxy */ = {
			isa = PBXContainerItemProxy;
			containerPortal = 720AACA229C426090092E350 /* Project object */;
			proxyType = 1;
			remoteGlobalIDString = 720AACA929C426090092E350;
			remoteInfo = HW2_List;
		};
		720AACCB29C4260A0092E350 /* PBXContainerItemProxy */ = {
			isa = PBXContainerItemProxy;
			containerPortal = 720AACA229C426090092E350 /* Project object */;
			proxyType = 1;
			remoteGlobalIDString = 720AACA929C426090092E350;
			remoteInfo = HW2_List;
		};
/* End PBXContainerItemProxy section */

/* Begin PBXFileReference section */
		720AACAA29C426090092E350 /* HW2_List.app */ = {isa = PBXFileReference; explicitFileType = wrapper.application; includeInIndex = 0; path = HW2_List.app; sourceTree = BUILT_PRODUCTS_DIR; };
		720AACAD29C426090092E350 /* AppDelegate.swift */ = {isa = PBXFileReference; lastKnownFileType = sourcecode.swift; path = AppDelegate.swift; sourceTree = "<group>"; };
		720AACAF29C426090092E350 /* SceneDelegate.swift */ = {isa = PBXFileReference; lastKnownFileType = sourcecode.swift; path = SceneDelegate.swift; sourceTree = "<group>"; };
		720AACB429C426090092E350 /* Base */ = {isa = PBXFileReference; lastKnownFileType = file.storyboard; name = Base; path = Base.lproj/Main.storyboard; sourceTree = "<group>"; };
		720AACB629C4260A0092E350 /* Assets.xcassets */ = {isa = PBXFileReference; lastKnownFileType = folder.assetcatalog; path = Assets.xcassets; sourceTree = "<group>"; };
		720AACB929C4260A0092E350 /* Base */ = {isa = PBXFileReference; lastKnownFileType = file.storyboard; name = Base; path = Base.lproj/LaunchScreen.storyboard; sourceTree = "<group>"; };
		720AACBB29C4260A0092E350 /* Info.plist */ = {isa = PBXFileReference; lastKnownFileType = text.plist.xml; path = Info.plist; sourceTree = "<group>"; };
		720AACC029C4260A0092E350 /* HW2_ListTests.xctest */ = {isa = PBXFileReference; explicitFileType = wrapper.cfbundle; includeInIndex = 0; path = HW2_ListTests.xctest; sourceTree = BUILT_PRODUCTS_DIR; };
		720AACC429C4260A0092E350 /* HW2_ListTests.swift */ = {isa = PBXFileReference; lastKnownFileType = sourcecode.swift; path = HW2_ListTests.swift; sourceTree = "<group>"; };
		720AACCA29C4260A0092E350 /* HW2_ListUITests.xctest */ = {isa = PBXFileReference; explicitFileType = wrapper.cfbundle; includeInIndex = 0; path = HW2_ListUITests.xctest; sourceTree = BUILT_PRODUCTS_DIR; };
		720AACCE29C4260A0092E350 /* HW2_ListUITests.swift */ = {isa = PBXFileReference; lastKnownFileType = sourcecode.swift; path = HW2_ListUITests.swift; sourceTree = "<group>"; };
		720AACD029C4260A0092E350 /* HW2_ListUITestsLaunchTests.swift */ = {isa = PBXFileReference; lastKnownFileType = sourcecode.swift; path = HW2_ListUITestsLaunchTests.swift; sourceTree = "<group>"; };
		720AACDD29C428B10092E350 /* TableViewController.swift */ = {isa = PBXFileReference; lastKnownFileType = sourcecode.swift; path = TableViewController.swift; sourceTree = "<group>"; };
		728CDDC029C5918800E745F1 /* ViewController.swift */ = {isa = PBXFileReference; lastKnownFileType = sourcecode.swift; path = ViewController.swift; sourceTree = "<group>"; };
/* End PBXFileReference section */

/* Begin PBXFrameworksBuildPhase section */
		720AACA729C426090092E350 /* Frameworks */ = {
			isa = PBXFrameworksBuildPhase;
			buildActionMask = 2147483647;
			files = (
			);
			runOnlyForDeploymentPostprocessing = 0;
		};
		720AACBD29C4260A0092E350 /* Frameworks */ = {
			isa = PBXFrameworksBuildPhase;
			buildActionMask = 2147483647;
			files = (
			);
			runOnlyForDeploymentPostprocessing = 0;
		};
		720AACC729C4260A0092E350 /* Frameworks */ = {
			isa = PBXFrameworksBuildPhase;
			buildActionMask = 2147483647;
			files = (
			);
			runOnlyForDeploymentPostprocessing = 0;
		};
/* End PBXFrameworksBuildPhase section */

/* Begin PBXGroup section */
		720AACA129C426090092E350 = {
			isa = PBXGroup;
			children = (
				720AACAC29C426090092E350 /* HW2_List */,
				720AACC329C4260A0092E350 /* HW2_ListTests */,
				720AACCD29C4260A0092E350 /* HW2_ListUITests */,
				720AACAB29C426090092E350 /* Products */,
			);
			sourceTree = "<group>";
		};
		720AACAB29C426090092E350 /* Products */ = {
			isa = PBXGroup;
			children = (
				720AACAA29C426090092E350 /* HW2_List.app */,
				720AACC029C4260A0092E350 /* HW2_ListTests.xctest */,
				720AACCA29C4260A0092E350 /* HW2_ListUITests.xctest */,
			);
			name = Products;
			sourceTree = "<group>";
		};
		720AACAC29C426090092E350 /* HW2_List */ = {
			isa = PBXGroup;
			children = (
				720AACAD29C426090092E350 /* AppDelegate.swift */,
				720AACAF29C426090092E350 /* SceneDelegate.swift */,
				720AACB329C426090092E350 /* Main.storyboard */,
				720AACB629C4260A0092E350 /* Assets.xcassets */,
				720AACB829C4260A0092E350 /* LaunchScreen.storyboard */,
				720AACBB29C4260A0092E350 /* Info.plist */,
				720AACDD29C428B10092E350 /* TableViewController.swift */,
				728CDDC029C5918800E745F1 /* ViewController.swift */,
			);
			path = HW2_List;
			sourceTree = "<group>";
		};
		720AACC329C4260A0092E350 /* HW2_ListTests */ = {
			isa = PBXGroup;
			children = (
				720AACC429C4260A0092E350 /* HW2_ListTests.swift */,
			);
			path = HW2_ListTests;
			sourceTree = "<group>";
		};
		720AACCD29C4260A0092E350 /* HW2_ListUITests */ = {
			isa = PBXGroup;
			children = (
				720AACCE29C4260A0092E350 /* HW2_ListUITests.swift */,
				720AACD029C4260A0092E350 /* HW2_ListUITestsLaunchTests.swift */,
			);
			path = HW2_ListUITests;
			sourceTree = "<group>";
		};
/* End PBXGroup section */

/* Begin PBXNativeTarget section */
		720AACA929C426090092E350 /* HW2_List */ = {
			isa = PBXNativeTarget;
			buildConfigurationList = 720AACD429C4260A0092E350 /* Build configuration list for PBXNativeTarget "HW2_List" */;
			buildPhases = (
				720AACA629C426090092E350 /* Sources */,
				720AACA729C426090092E350 /* Frameworks */,
				720AACA829C426090092E350 /* Resources */,
			);
			buildRules = (
			);
			dependencies = (
			);
			name = HW2_List;
			productName = HW2_List;
			productReference = 720AACAA29C426090092E350 /* HW2_List.app */;
			productType = "com.apple.product-type.application";
		};
		720AACBF29C4260A0092E350 /* HW2_ListTests */ = {
			isa = PBXNativeTarget;
			buildConfigurationList = 720AACD729C4260A0092E350 /* Build configuration list for PBXNativeTarget "HW2_ListTests" */;
			buildPhases = (
				720AACBC29C4260A0092E350 /* Sources */,
				720AACBD29C4260A0092E350 /* Frameworks */,
				720AACBE29C4260A0092E350 /* Resources */,
			);
			buildRules = (
			);
			dependencies = (
				720AACC229C4260A0092E350 /* PBXTargetDependency */,
			);
			name = HW2_ListTests;
			productName = HW2_ListTests;
			productReference = 720AACC029C4260A0092E350 /* HW2_ListTests.xctest */;
			productType = "com.apple.product-type.bundle.unit-test";
		};
		720AACC929C4260A0092E350 /* HW2_ListUITests */ = {
			isa = PBXNativeTarget;
			buildConfigurationList = 720AACDA29C4260A0092E350 /* Build configuration list for PBXNativeTarget "HW2_ListUITests" */;
			buildPhases = (
				720AACC629C4260A0092E350 /* Sources */,
				720AACC729C4260A0092E350 /* Frameworks */,
				720AACC829C4260A0092E350 /* Resources */,
			);
			buildRules = (
			);
			dependencies = (
				720AACCC29C4260A0092E350 /* PBXTargetDependency */,
			);
			name = HW2_ListUITests;
			productName = HW2_ListUITests;
			productReference = 720AACCA29C4260A0092E350 /* HW2_ListUITests.xctest */;
			productType = "com.apple.product-type.bundle.ui-testing";
		};
/* End PBXNativeTarget section */

/* Begin PBXProject section */
		720AACA229C426090092E350 /* Project object */ = {
			isa = PBXProject;
			attributes = {
				BuildIndependentTargetsInParallel = 1;
				LastSwiftUpdateCheck = 1420;
				LastUpgradeCheck = 1420;
				TargetAttributes = {
					720AACA929C426090092E350 = {
						CreatedOnToolsVersion = 14.2;
					};
					720AACBF29C4260A0092E350 = {
						CreatedOnToolsVersion = 14.2;
						TestTargetID = 720AACA929C426090092E350;
					};
					720AACC929C4260A0092E350 = {
						CreatedOnToolsVersion = 14.2;
						TestTargetID = 720AACA929C426090092E350;
					};
				};
			};
			buildConfigurationList = 720AACA529C426090092E350 /* Build configuration list for PBXProject "HW2_List" */;
			compatibilityVersion = "Xcode 14.0";
			developmentRegion = en;
			hasScannedForEncodings = 0;
			knownRegions = (
				en,
				Base,
			);
			mainGroup = 720AACA129C426090092E350;
			productRefGroup = 720AACAB29C426090092E350 /* Products */;
			projectDirPath = "";
			projectRoot = "";
			targets = (
				720AACA929C426090092E350 /* HW2_List */,
				720AACBF29C4260A0092E350 /* HW2_ListTests */,
				720AACC929C4260A0092E350 /* HW2_ListUITests */,
			);
		};
/* End PBXProject section */

/* Begin PBXResourcesBuildPhase section */
		720AACA829C426090092E350 /* Resources */ = {
			isa = PBXResourcesBuildPhase;
			buildActionMask = 2147483647;
			files = (
				720AACBA29C4260A0092E350 /* LaunchScreen.storyboard in Resources */,
				720AACB729C4260A0092E350 /* Assets.xcassets in Resources */,
				720AACB529C426090092E350 /* Main.storyboard in Resources */,
			);
			runOnlyForDeploymentPostprocessing = 0;
		};
		720AACBE29C4260A0092E350 /* Resources */ = {
			isa = PBXResourcesBuildPhase;
			buildActionMask = 2147483647;
			files = (
			);
			runOnlyForDeploymentPostprocessing = 0;
		};
		720AACC829C4260A0092E350 /* Resources */ = {
			isa = PBXResourcesBuildPhase;
			buildActionMask = 2147483647;
			files = (
			);
			runOnlyForDeploymentPostprocessing = 0;
		};
/* End PBXResourcesBuildPhase section */

/* Begin PBXSourcesBuildPhase section */
		720AACA629C426090092E350 /* Sources */ = {
			isa = PBXSourcesBuildPhase;
			buildActionMask = 2147483647;
			files = (
				720AACAE29C426090092E350 /* AppDelegate.swift in Sources */,
				720AACB029C426090092E350 /* SceneDelegate.swift in Sources */,
				728CDDC129C5918800E745F1 /* ViewController.swift in Sources */,
				720AACDE29C428B10092E350 /* TableViewController.swift in Sources */,
			);
			runOnlyForDeploymentPostprocessing = 0;
		};
		720AACBC29C4260A0092E350 /* Sources */ = {
			isa = PBXSourcesBuildPhase;
			buildActionMask = 2147483647;
			files = (
				720AACC529C4260A0092E350 /* HW2_ListTests.swift in Sources */,
			);
			runOnlyForDeploymentPostprocessing = 0;
		};
		720AACC629C4260A0092E350 /* Sources */ = {
			isa = PBXSourcesBuildPhase;
			buildActionMask = 2147483647;
			files = (
				720AACD129C4260A0092E350 /* HW2_ListUITestsLaunchTests.swift in Sources */,
				720AACCF29C4260A0092E350 /* HW2_ListUITests.swift in Sources */,
			);
			runOnlyForDeploymentPostprocessing = 0;
		};
/* End PBXSourcesBuildPhase section */

/* Begin PBXTargetDependency section */
		720AACC229C4260A0092E350 /* PBXTargetDependency */ = {
			isa = PBXTargetDependency;
			target = 720AACA929C426090092E350 /* HW2_List */;
			targetProxy = 720AACC129C4260A0092E350 /* PBXContainerItemProxy */;
		};
		720AACCC29C4260A0092E350 /* PBXTargetDependency */ = {
			isa = PBXTargetDependency;
			target = 720AACA929C426090092E350 /* HW2_List */;
			targetProxy = 720AACCB29C4260A0092E350 /* PBXContainerItemProxy */;
		};
/* End PBXTargetDependency section */

/* Begin PBXVariantGroup section */
		720AACB329C426090092E350 /* Main.storyboard */ = {
			isa = PBXVariantGroup;
			children = (
				720AACB429C426090092E350 /* Base */,
			);
			name = Main.storyboard;
			sourceTree = "<group>";
		};
		720AACB829C4260A0092E350 /* LaunchScreen.storyboard */ = {
			isa = PBXVariantGroup;
			children = (
				720AACB929C4260A0092E350 /* Base */,
			);
			name = LaunchScreen.storyboard;
			sourceTree = "<group>";
		};
/* End PBXVariantGroup section */

/* Begin XCBuildConfiguration section */
		720AACD229C4260A0092E350 /* Debug */ = {
			isa = XCBuildConfiguration;
			buildSettings = {
				ALWAYS_SEARCH_USER_PATHS = NO;
				CLANG_ANALYZER_NONNULL = YES;
				CLANG_ANALYZER_NUMBER_OBJECT_CONVERSION = YES_AGGRESSIVE;
				CLANG_CXX_LANGUAGE_STANDARD = "gnu++20";
				CLANG_ENABLE_MODULES = YES;
				CLANG_ENABLE_OBJC_ARC = YES;
				CLANG_ENABLE_OBJC_WEAK = YES;
				CLANG_WARN_BLOCK_CAPTURE_AUTORELEASING = YES;
				CLANG_WARN_BOOL_CONVERSION = YES;
				CLANG_WARN_COMMA = YES;
				CLANG_WARN_CONSTANT_CONVERSION = YES;
				CLANG_WARN_DEPRECATED_OBJC_IMPLEMENTATIONS = YES;
				CLANG_WARN_DIRECT_OBJC_ISA_USAGE = YES_ERROR;
				CLANG_WARN_DOCUMENTATION_COMMENTS = YES;
				CLANG_WARN_EMPTY_BODY = YES;
				CLANG_WARN_ENUM_CONVERSION = YES;
				CLANG_WARN_INFINITE_RECURSION = YES;
				CLANG_WARN_INT_CONVERSION = YES;
				CLANG_WARN_NON_LITERAL_NULL_CONVERSION = YES;
				CLANG_WARN_OBJC_IMPLICIT_RETAIN_SELF = YES;
				CLANG_WARN_OBJC_LITERAL_CONVERSION = YES;
				CLANG_WARN_OBJC_ROOT_CLASS = YES_ERROR;
				CLANG_WARN_QUOTED_INCLUDE_IN_FRAMEWORK_HEADER = YES;
				CLANG_WARN_RANGE_LOOP_ANALYSIS = YES;
				CLANG_WARN_STRICT_PROTOTYPES = YES;
				CLANG_WARN_SUSPICIOUS_MOVE = YES;
				CLANG_WARN_UNGUARDED_AVAILABILITY = YES_AGGRESSIVE;
				CLANG_WARN_UNREACHABLE_CODE = YES;
				CLANG_WARN__DUPLICATE_METHOD_MATCH = YES;
				COPY_PHASE_STRIP = NO;
				DEBUG_INFORMATION_FORMAT = dwarf;
				ENABLE_STRICT_OBJC_MSGSEND = YES;
				ENABLE_TESTABILITY = YES;
				GCC_C_LANGUAGE_STANDARD = gnu11;
				GCC_DYNAMIC_NO_PIC = NO;
				GCC_NO_COMMON_BLOCKS = YES;
				GCC_OPTIMIZATION_LEVEL = 0;
				GCC_PREPROCESSOR_DEFINITIONS = (
					"DEBUG=1",
					"$(inherited)",
				);
				GCC_WARN_64_TO_32_BIT_CONVERSION = YES;
				GCC_WARN_ABOUT_RETURN_TYPE = YES_ERROR;
				GCC_WARN_UNDECLARED_SELECTOR = YES;
				GCC_WARN_UNINITIALIZED_AUTOS = YES_AGGRESSIVE;
				GCC_WARN_UNUSED_FUNCTION = YES;
				GCC_WARN_UNUSED_VARIABLE = YES;
				IPHONEOS_DEPLOYMENT_TARGET = 16.2;
				MTL_ENABLE_DEBUG_INFO = INCLUDE_SOURCE;
				MTL_FAST_MATH = YES;
				ONLY_ACTIVE_ARCH = YES;
				SDKROOT = iphoneos;
				SWIFT_ACTIVE_COMPILATION_CONDITIONS = DEBUG;
				SWIFT_OPTIMIZATION_LEVEL = "-Onone";
			};
			name = Debug;
		};
		720AACD329C4260A0092E350 /* Release */ = {
			isa = XCBuildConfiguration;
			buildSettings = {
				ALWAYS_SEARCH_USER_PATHS = NO;
				CLANG_ANALYZER_NONNULL = YES;
				CLANG_ANALYZER_NUMBER_OBJECT_CONVERSION = YES_AGGRESSIVE;
				CLANG_CXX_LANGUAGE_STANDARD = "gnu++20";
				CLANG_ENABLE_MODULES = YES;
				CLANG_ENABLE_OBJC_ARC = YES;
				CLANG_ENABLE_OBJC_WEAK = YES;
				CLANG_WARN_BLOCK_CAPTURE_AUTORELEASING = YES;
				CLANG_WARN_BOOL_CONVERSION = YES;
				CLANG_WARN_COMMA = YES;
				CLANG_WARN_CONSTANT_CONVERSION = YES;
				CLANG_WARN_DEPRECATED_OBJC_IMPLEMENTATIONS = YES;
				CLANG_WARN_DIRECT_OBJC_ISA_USAGE = YES_ERROR;
				CLANG_WARN_DOCUMENTATION_COMMENTS = YES;
				CLANG_WARN_EMPTY_BODY = YES;
				CLANG_WARN_ENUM_CONVERSION = YES;
				CLANG_WARN_INFINITE_RECURSION = YES;
				CLANG_WARN_INT_CONVERSION = YES;
				CLANG_WARN_NON_LITERAL_NULL_CONVERSION = YES;
				CLANG_WARN_OBJC_IMPLICIT_RETAIN_SELF = YES;
				CLANG_WARN_OBJC_LITERAL_CONVERSION = YES;
				CLANG_WARN_OBJC_ROOT_CLASS = YES_ERROR;
				CLANG_WARN_QUOTED_INCLUDE_IN_FRAMEWORK_HEADER = YES;
				CLANG_WARN_RANGE_LOOP_ANALYSIS = YES;
				CLANG_WARN_STRICT_PROTOTYPES = YES;
				CLANG_WARN_SUSPICIOUS_MOVE = YES;
				CLANG_WARN_UNGUARDED_AVAILABILITY = YES_AGGRESSIVE;
				CLANG_WARN_UNREACHABLE_CODE = YES;
				CLANG_WARN__DUPLICATE_METHOD_MATCH = YES;
				COPY_PHASE_STRIP = NO;
				DEBUG_INFORMATION_FORMAT = "dwarf-with-dsym";
				ENABLE_NS_ASSERTIONS = NO;
				ENABLE_STRICT_OBJC_MSGSEND = YES;
				GCC_C_LANGUAGE_STANDARD = gnu11;
				GCC_NO_COMMON_BLOCKS = YES;
				GCC_WARN_64_TO_32_BIT_CONVERSION = YES;
				GCC_WARN_ABOUT_RETURN_TYPE = YES_ERROR;
				GCC_WARN_UNDECLARED_SELECTOR = YES;
				GCC_WARN_UNINITIALIZED_AUTOS = YES_AGGRESSIVE;
				GCC_WARN_UNUSED_FUNCTION = YES;
				GCC_WARN_UNUSED_VARIABLE = YES;
				IPHONEOS_DEPLOYMENT_TARGET = 16.2;
				MTL_ENABLE_DEBUG_INFO = NO;
				MTL_FAST_MATH = YES;
				SDKROOT = iphoneos;
				SWIFT_COMPILATION_MODE = wholemodule;
				SWIFT_OPTIMIZATION_LEVEL = "-O";
				VALIDATE_PRODUCT = YES;
			};
			name = Release;
		};
		720AACD529C4260A0092E350 /* Debug */ = {
			isa = XCBuildConfiguration;
			buildSettings = {
				ASSETCATALOG_COMPILER_APPICON_NAME = AppIcon;
				ASSETCATALOG_COMPILER_GLOBAL_ACCENT_COLOR_NAME = AccentColor;
				CODE_SIGN_STYLE = Automatic;
				CURRENT_PROJECT_VERSION = 1;
				DEVELOPMENT_TEAM = 6ULV77C4SH;
				GENERATE_INFOPLIST_FILE = YES;
				INFOPLIST_FILE = HW2_List/Info.plist;
				INFOPLIST_KEY_UIApplicationSupportsIndirectInputEvents = YES;
				INFOPLIST_KEY_UILaunchStoryboardName = LaunchScreen;
				INFOPLIST_KEY_UIMainStoryboardFile = Main;
				INFOPLIST_KEY_UISupportedInterfaceOrientations_iPad = "UIInterfaceOrientationPortrait UIInterfaceOrientationPortraitUpsideDown UIInterfaceOrientationLandscapeLeft UIInterfaceOrientationLandscapeRight";
				INFOPLIST_KEY_UISupportedInterfaceOrientations_iPhone = "UIInterfaceOrientationPortrait UIInterfaceOrientationLandscapeLeft UIInterfaceOrientationLandscapeRight";
				LD_RUNPATH_SEARCH_PATHS = (
					"$(inherited)",
					"@executable_path/Frameworks",
				);
				MARKETING_VERSION = 1.0;
				PRODUCT_BUNDLE_IDENTIFIER = "HPC.HW2-List";
				PRODUCT_NAME = "$(TARGET_NAME)";
				SWIFT_EMIT_LOC_STRINGS = YES;
				SWIFT_VERSION = 5.0;
				TARGETED_DEVICE_FAMILY = "1,2";
			};
			name = Debug;
		};
		720AACD629C4260A0092E350 /* Release */ = {
			isa = XCBuildConfiguration;
			buildSettings = {
				ASSETCATALOG_COMPILER_APPICON_NAME = AppIcon;
				ASSETCATALOG_COMPILER_GLOBAL_ACCENT_COLOR_NAME = AccentColor;
				CODE_SIGN_STYLE = Automatic;
				CURRENT_PROJECT_VERSION = 1;
				DEVELOPMENT_TEAM = 6ULV77C4SH;
				GENERATE_INFOPLIST_FILE = YES;
				INFOPLIST_FILE = HW2_List/Info.plist;
				INFOPLIST_KEY_UIApplicationSupportsIndirectInputEvents = YES;
				INFOPLIST_KEY_UILaunchStoryboardName = LaunchScreen;
				INFOPLIST_KEY_UIMainStoryboardFile = Main;
				INFOPLIST_KEY_UISupportedInterfaceOrientations_iPad = "UIInterfaceOrientationPortrait UIInterfaceOrientationPortraitUpsideDown UIInterfaceOrientationLandscapeLeft UIInterfaceOrientationLandscapeRight";
				INFOPLIST_KEY_UISupportedInterfaceOrientations_iPhone = "UIInterfaceOrientationPortrait UIInterfaceOrientationLandscapeLeft UIInterfaceOrientationLandscapeRight";
				LD_RUNPATH_SEARCH_PATHS = (
					"$(inherited)",
					"@executable_path/Frameworks",
				);
				MARKETING_VERSION = 1.0;
				PRODUCT_BUNDLE_IDENTIFIER = "HPC.HW2-List";
				PRODUCT_NAME = "$(TARGET_NAME)";
				SWIFT_EMIT_LOC_STRINGS = YES;
				SWIFT_VERSION = 5.0;
				TARGETED_DEVICE_FAMILY = "1,2";
			};
			name = Release;
		};
		720AACD829C4260A0092E350 /* Debug */ = {
			isa = XCBuildConfiguration;
			buildSettings = {
				ALWAYS_EMBED_SWIFT_STANDARD_LIBRARIES = YES;
				BUNDLE_LOADER = "$(TEST_HOST)";
				CODE_SIGN_STYLE = Automatic;
				CURRENT_PROJECT_VERSION = 1;
				DEVELOPMENT_TEAM = 6ULV77C4SH;
				GENERATE_INFOPLIST_FILE = YES;
				IPHONEOS_DEPLOYMENT_TARGET = 16.2;
				MARKETING_VERSION = 1.0;
				PRODUCT_BUNDLE_IDENTIFIER = "HPC.HW2-ListTests";
				PRODUCT_NAME = "$(TARGET_NAME)";
				SWIFT_EMIT_LOC_STRINGS = NO;
				SWIFT_VERSION = 5.0;
				TARGETED_DEVICE_FAMILY = "1,2";
				TEST_HOST = "$(BUILT_PRODUCTS_DIR)/HW2_List.app/$(BUNDLE_EXECUTABLE_FOLDER_PATH)/HW2_List";
			};
			name = Debug;
		};
		720AACD929C4260A0092E350 /* Release */ = {
			isa = XCBuildConfiguration;
			buildSettings = {
				ALWAYS_EMBED_SWIFT_STANDARD_LIBRARIES = YES;
				BUNDLE_LOADER = "$(TEST_HOST)";
				CODE_SIGN_STYLE = Automatic;
				CURRENT_PROJECT_VERSION = 1;
				DEVELOPMENT_TEAM = 6ULV77C4SH;
				GENERATE_INFOPLIST_FILE = YES;
				IPHONEOS_DEPLOYMENT_TARGET = 16.2;
				MARKETING_VERSION = 1.0;
				PRODUCT_BUNDLE_IDENTIFIER = "HPC.HW2-ListTests";
				PRODUCT_NAME = "$(TARGET_NAME)";
				SWIFT_EMIT_LOC_STRINGS = NO;
				SWIFT_VERSION = 5.0;
				TARGETED_DEVICE_FAMILY = "1,2";
				TEST_HOST = "$(BUILT_PRODUCTS_DIR)/HW2_List.app/$(BUNDLE_EXECUTABLE_FOLDER_PATH)/HW2_List";
			};
			name = Release;
		};
		720AACDB29C4260A0092E350 /* Debug */ = {
			isa = XCBuildConfiguration;
			buildSettings = {
				ALWAYS_EMBED_SWIFT_STANDARD_LIBRARIES = YES;
				CODE_SIGN_STYLE = Automatic;
				CURRENT_PROJECT_VERSION = 1;
				DEVELOPMENT_TEAM = 6ULV77C4SH;
				GENERATE_INFOPLIST_FILE = YES;
				MARKETING_VERSION = 1.0;
				PRODUCT_BUNDLE_IDENTIFIER = "HPC.HW2-ListUITests";
				PRODUCT_NAME = "$(TARGET_NAME)";
				SWIFT_EMIT_LOC_STRINGS = NO;
				SWIFT_VERSION = 5.0;
				TARGETED_DEVICE_FAMILY = "1,2";
				TEST_TARGET_NAME = HW2_List;
			};
			name = Debug;
		};
		720AACDC29C4260A0092E350 /* Release */ = {
			isa = XCBuildConfiguration;
			buildSettings = {
				ALWAYS_EMBED_SWIFT_STANDARD_LIBRARIES = YES;
				CODE_SIGN_STYLE = Automatic;
				CURRENT_PROJECT_VERSION = 1;
				DEVELOPMENT_TEAM = 6ULV77C4SH;
				GENERATE_INFOPLIST_FILE = YES;
				MARKETING_VERSION = 1.0;
				PRODUCT_BUNDLE_IDENTIFIER = "HPC.HW2-ListUITests";
				PRODUCT_NAME = "$(TARGET_NAME)";
				SWIFT_EMIT_LOC_STRINGS = NO;
				SWIFT_VERSION = 5.0;
				TARGETED_DEVICE_FAMILY = "1,2";
				TEST_TARGET_NAME = HW2_List;
			};
			name = Release;
		};
/* End XCBuildConfiguration section */

/* Begin XCConfigurationList section */
		720AACA529C426090092E350 /* Build configuration list for PBXProject "HW2_List" */ = {
			isa = XCConfigurationList;
			buildConfigurations = (
				720AACD229C4260A0092E350 /* Debug */,
				720AACD329C4260A0092E350 /* Release */,
			);
			defaultConfigurationIsVisible = 0;
			defaultConfigurationName = Release;
		};
		720AACD429C4260A0092E350 /* Build configuration list for PBXNativeTarget "HW2_List" */ = {
			isa = XCConfigurationList;
			buildConfigurations = (
				720AACD529C4260A0092E350 /* Debug */,
				720AACD629C4260A0092E350 /* Release */,
			);
			defaultConfigurationIsVisible = 0;
			defaultConfigurationName = Release;
		};
		720AACD729C4260A0092E350 /* Build configuration list for PBXNativeTarget "HW2_ListTests" */ = {
			isa = XCConfigurationList;
			buildConfigurations = (
				720AACD829C4260A0092E350 /* Debug */,
				720AACD929C4260A0092E350 /* Release */,
			);
			defaultConfigurationIsVisible = 0;
			defaultConfigurationName = Release;
		};
		720AACDA29C4260A0092E350 /* Build configuration list for PBXNativeTarget "HW2_ListUITests" */ = {
			isa = XCConfigurationList;
			buildConfigurations = (
				720AACDB29C4260A0092E350 /* Debug */,
				720AACDC29C4260A0092E350 /* Release */,
			);
			defaultConfigurationIsVisible = 0;
			defaultConfigurationName = Release;
		};
/* End XCConfigurationList section */
	};
	rootObject = 720AACA229C426090092E350 /* Project object */;
}
