// !$*UTF8*$!
{
	archiveVersion = 1;
	classes = {
	};
	objectVersion = 55;
	objects = {

/* Begin PBXBuildFile section */
		E8D55C6A29AF2C8400AD35C0 /* AppDelegate.swift in Sources */ = {isa = PBXBuildFile; fileRef = E8D55C6929AF2C8400AD35C0 /* AppDelegate.swift */; };
		E8D55C6C29AF2C8400AD35C0 /* SceneDelegate.swift in Sources */ = {isa = PBXBuildFile; fileRef = E8D55C6B29AF2C8400AD35C0 /* SceneDelegate.swift */; };
		E8D55C6E29AF2C8400AD35C0 /* ViewController.swift in Sources */ = {isa = PBXBuildFile; fileRef = E8D55C6D29AF2C8400AD35C0 /* ViewController.swift */; };
		E8D55C7129AF2C8400AD35C0 /* Main.storyboard in Resources */ = {isa = PBXBuildFile; fileRef = E8D55C6F29AF2C8400AD35C0 /* Main.storyboard */; };
		E8D55C7329AF2C8800AD35C0 /* Assets.xcassets in Resources */ = {isa = PBXBuildFile; fileRef = E8D55C7229AF2C8800AD35C0 /* Assets.xcassets */; };
		E8D55C7629AF2C8800AD35C0 /* LaunchScreen.storyboard in Resources */ = {isa = PBXBuildFile; fileRef = E8D55C7429AF2C8800AD35C0 /* LaunchScreen.storyboard */; };
		E8D55C8129AF2C8800AD35C0 /* InterfacceControlTests.swift in Sources */ = {isa = PBXBuildFile; fileRef = E8D55C8029AF2C8800AD35C0 /* InterfacceControlTests.swift */; };
		E8D55C8B29AF2C8800AD35C0 /* InterfacceControlUITests.swift in Sources */ = {isa = PBXBuildFile; fileRef = E8D55C8A29AF2C8800AD35C0 /* InterfacceControlUITests.swift */; };
		E8D55C8D29AF2C8800AD35C0 /* InterfacceControlUITestsLaunchTests.swift in Sources */ = {isa = PBXBuildFile; fileRef = E8D55C8C29AF2C8800AD35C0 /* InterfacceControlUITestsLaunchTests.swift */; };
/* End PBXBuildFile section */

/* Begin PBXContainerItemProxy section */
		E8D55C7D29AF2C8800AD35C0 /* PBXContainerItemProxy */ = {
			isa = PBXContainerItemProxy;
			containerPortal = E8D55C5E29AF2C8400AD35C0 /* Project object */;
			proxyType = 1;
			remoteGlobalIDString = E8D55C6529AF2C8400AD35C0;
			remoteInfo = InterfacceControl;
		};
		E8D55C8729AF2C8800AD35C0 /* PBXContainerItemProxy */ = {
			isa = PBXContainerItemProxy;
			containerPortal = E8D55C5E29AF2C8400AD35C0 /* Project object */;
			proxyType = 1;
			remoteGlobalIDString = E8D55C6529AF2C8400AD35C0;
			remoteInfo = InterfacceControl;
		};
/* End PBXContainerItemProxy section */

/* Begin PBXFileReference section */
		E8D55C6629AF2C8400AD35C0 /* InterfacceControl.app */ = {isa = PBXFileReference; explicitFileType = wrapper.application; includeInIndex = 0; path = InterfacceControl.app; sourceTree = BUILT_PRODUCTS_DIR; };
		E8D55C6929AF2C8400AD35C0 /* AppDelegate.swift */ = {isa = PBXFileReference; lastKnownFileType = sourcecode.swift; path = AppDelegate.swift; sourceTree = "<group>"; };
		E8D55C6B29AF2C8400AD35C0 /* SceneDelegate.swift */ = {isa = PBXFileReference; lastKnownFileType = sourcecode.swift; path = SceneDelegate.swift; sourceTree = "<group>"; };
		E8D55C6D29AF2C8400AD35C0 /* ViewController.swift */ = {isa = PBXFileReference; lastKnownFileType = sourcecode.swift; path = ViewController.swift; sourceTree = "<group>"; };
		E8D55C7029AF2C8400AD35C0 /* Base */ = {isa = PBXFileReference; lastKnownFileType = file.storyboard; name = Base; path = Base.lproj/Main.storyboard; sourceTree = "<group>"; };
		E8D55C7229AF2C8800AD35C0 /* Assets.xcassets */ = {isa = PBXFileReference; lastKnownFileType = folder.assetcatalog; path = Assets.xcassets; sourceTree = "<group>"; };
		E8D55C7529AF2C8800AD35C0 /* Base */ = {isa = PBXFileReference; lastKnownFileType = file.storyboard; name = Base; path = Base.lproj/LaunchScreen.storyboard; sourceTree = "<group>"; };
		E8D55C7729AF2C8800AD35C0 /* Info.plist */ = {isa = PBXFileReference; lastKnownFileType = text.plist.xml; path = Info.plist; sourceTree = "<group>"; };
		E8D55C7C29AF2C8800AD35C0 /* InterfacceControlTests.xctest */ = {isa = PBXFileReference; explicitFileType = wrapper.cfbundle; includeInIndex = 0; path = InterfacceControlTests.xctest; sourceTree = BUILT_PRODUCTS_DIR; };
		E8D55C8029AF2C8800AD35C0 /* InterfacceControlTests.swift */ = {isa = PBXFileReference; lastKnownFileType = sourcecode.swift; path = InterfacceControlTests.swift; sourceTree = "<group>"; };
		E8D55C8629AF2C8800AD35C0 /* InterfacceControlUITests.xctest */ = {isa = PBXFileReference; explicitFileType = wrapper.cfbundle; includeInIndex = 0; path = InterfacceControlUITests.xctest; sourceTree = BUILT_PRODUCTS_DIR; };
		E8D55C8A29AF2C8800AD35C0 /* InterfacceControlUITests.swift */ = {isa = PBXFileReference; lastKnownFileType = sourcecode.swift; path = InterfacceControlUITests.swift; sourceTree = "<group>"; };
		E8D55C8C29AF2C8800AD35C0 /* InterfacceControlUITestsLaunchTests.swift */ = {isa = PBXFileReference; lastKnownFileType = sourcecode.swift; path = InterfacceControlUITestsLaunchTests.swift; sourceTree = "<group>"; };
/* End PBXFileReference section */

/* Begin PBXFrameworksBuildPhase section */
		E8D55C6329AF2C8400AD35C0 /* Frameworks */ = {
			isa = PBXFrameworksBuildPhase;
			buildActionMask = 2147483647;
			files = (
			);
			runOnlyForDeploymentPostprocessing = 0;
		};
		E8D55C7929AF2C8800AD35C0 /* Frameworks */ = {
			isa = PBXFrameworksBuildPhase;
			buildActionMask = 2147483647;
			files = (
			);
			runOnlyForDeploymentPostprocessing = 0;
		};
		E8D55C8329AF2C8800AD35C0 /* Frameworks */ = {
			isa = PBXFrameworksBuildPhase;
			buildActionMask = 2147483647;
			files = (
			);
			runOnlyForDeploymentPostprocessing = 0;
		};
/* End PBXFrameworksBuildPhase section */

/* Begin PBXGroup section */
		E8D55C5D29AF2C8400AD35C0 = {
			isa = PBXGroup;
			children = (
				E8D55C6829AF2C8400AD35C0 /* InterfacceControl */,
				E8D55C7F29AF2C8800AD35C0 /* InterfacceControlTests */,
				E8D55C8929AF2C8800AD35C0 /* InterfacceControlUITests */,
				E8D55C6729AF2C8400AD35C0 /* Products */,
			);
			sourceTree = "<group>";
		};
		E8D55C6729AF2C8400AD35C0 /* Products */ = {
			isa = PBXGroup;
			children = (
				E8D55C6629AF2C8400AD35C0 /* InterfacceControl.app */,
				E8D55C7C29AF2C8800AD35C0 /* InterfacceControlTests.xctest */,
				E8D55C8629AF2C8800AD35C0 /* InterfacceControlUITests.xctest */,
			);
			name = Products;
			sourceTree = "<group>";
		};
		E8D55C6829AF2C8400AD35C0 /* InterfacceControl */ = {
			isa = PBXGroup;
			children = (
				E8D55C6929AF2C8400AD35C0 /* AppDelegate.swift */,
				E8D55C6B29AF2C8400AD35C0 /* SceneDelegate.swift */,
				E8D55C6D29AF2C8400AD35C0 /* ViewController.swift */,
				E8D55C6F29AF2C8400AD35C0 /* Main.storyboard */,
				E8D55C7229AF2C8800AD35C0 /* Assets.xcassets */,
				E8D55C7429AF2C8800AD35C0 /* LaunchScreen.storyboard */,
				E8D55C7729AF2C8800AD35C0 /* Info.plist */,
			);
			path = InterfacceControl;
			sourceTree = "<group>";
		};
		E8D55C7F29AF2C8800AD35C0 /* InterfacceControlTests */ = {
			isa = PBXGroup;
			children = (
				E8D55C8029AF2C8800AD35C0 /* InterfacceControlTests.swift */,
			);
			path = InterfacceControlTests;
			sourceTree = "<group>";
		};
		E8D55C8929AF2C8800AD35C0 /* InterfacceControlUITests */ = {
			isa = PBXGroup;
			children = (
				E8D55C8A29AF2C8800AD35C0 /* InterfacceControlUITests.swift */,
				E8D55C8C29AF2C8800AD35C0 /* InterfacceControlUITestsLaunchTests.swift */,
			);
			path = InterfacceControlUITests;
			sourceTree = "<group>";
		};
/* End PBXGroup section */

/* Begin PBXNativeTarget section */
		E8D55C6529AF2C8400AD35C0 /* InterfacceControl */ = {
			isa = PBXNativeTarget;
			buildConfigurationList = E8D55C9029AF2C8800AD35C0 /* Build configuration list for PBXNativeTarget "InterfacceControl" */;
			buildPhases = (
				E8D55C6229AF2C8400AD35C0 /* Sources */,
				E8D55C6329AF2C8400AD35C0 /* Frameworks */,
				E8D55C6429AF2C8400AD35C0 /* Resources */,
			);
			buildRules = (
			);
			dependencies = (
			);
			name = InterfacceControl;
			productName = InterfacceControl;
			productReference = E8D55C6629AF2C8400AD35C0 /* InterfacceControl.app */;
			productType = "com.apple.product-type.application";
		};
		E8D55C7B29AF2C8800AD35C0 /* InterfacceControlTests */ = {
			isa = PBXNativeTarget;
			buildConfigurationList = E8D55C9329AF2C8800AD35C0 /* Build configuration list for PBXNativeTarget "InterfacceControlTests" */;
			buildPhases = (
				E8D55C7829AF2C8800AD35C0 /* Sources */,
				E8D55C7929AF2C8800AD35C0 /* Frameworks */,
				E8D55C7A29AF2C8800AD35C0 /* Resources */,
			);
			buildRules = (
			);
			dependencies = (
				E8D55C7E29AF2C8800AD35C0 /* PBXTargetDependency */,
			);
			name = InterfacceControlTests;
			productName = InterfacceControlTests;
			productReference = E8D55C7C29AF2C8800AD35C0 /* InterfacceControlTests.xctest */;
			productType = "com.apple.product-type.bundle.unit-test";
		};
		E8D55C8529AF2C8800AD35C0 /* InterfacceControlUITests */ = {
			isa = PBXNativeTarget;
			buildConfigurationList = E8D55C9629AF2C8800AD35C0 /* Build configuration list for PBXNativeTarget "InterfacceControlUITests" */;
			buildPhases = (
				E8D55C8229AF2C8800AD35C0 /* Sources */,
				E8D55C8329AF2C8800AD35C0 /* Frameworks */,
				E8D55C8429AF2C8800AD35C0 /* Resources */,
			);
			buildRules = (
			);
			dependencies = (
				E8D55C8829AF2C8800AD35C0 /* PBXTargetDependency */,
			);
			name = InterfacceControlUITests;
			productName = InterfacceControlUITests;
			productReference = E8D55C8629AF2C8800AD35C0 /* InterfacceControlUITests.xctest */;
			productType = "com.apple.product-type.bundle.ui-testing";
		};
/* End PBXNativeTarget section */

/* Begin PBXProject section */
		E8D55C5E29AF2C8400AD35C0 /* Project object */ = {
			isa = PBXProject;
			attributes = {
				BuildIndependentTargetsInParallel = 1;
				LastSwiftUpdateCheck = 1340;
				LastUpgradeCheck = 1340;
				TargetAttributes = {
					E8D55C6529AF2C8400AD35C0 = {
						CreatedOnToolsVersion = 13.4.1;
					};
					E8D55C7B29AF2C8800AD35C0 = {
						CreatedOnToolsVersion = 13.4.1;
						TestTargetID = E8D55C6529AF2C8400AD35C0;
					};
					E8D55C8529AF2C8800AD35C0 = {
						CreatedOnToolsVersion = 13.4.1;
						TestTargetID = E8D55C6529AF2C8400AD35C0;
					};
				};
			};
			buildConfigurationList = E8D55C6129AF2C8400AD35C0 /* Build configuration list for PBXProject "InterfacceControl" */;
			compatibilityVersion = "Xcode 13.0";
			developmentRegion = en;
			hasScannedForEncodings = 0;
			knownRegions = (
				en,
				Base,
			);
			mainGroup = E8D55C5D29AF2C8400AD35C0;
			productRefGroup = E8D55C6729AF2C8400AD35C0 /* Products */;
			projectDirPath = "";
			projectRoot = "";
			targets = (
				E8D55C6529AF2C8400AD35C0 /* InterfacceControl */,
				E8D55C7B29AF2C8800AD35C0 /* InterfacceControlTests */,
				E8D55C8529AF2C8800AD35C0 /* InterfacceControlUITests */,
			);
		};
/* End PBXProject section */

/* Begin PBXResourcesBuildPhase section */
		E8D55C6429AF2C8400AD35C0 /* Resources */ = {
			isa = PBXResourcesBuildPhase;
			buildActionMask = 2147483647;
			files = (
				E8D55C7629AF2C8800AD35C0 /* LaunchScreen.storyboard in Resources */,
				E8D55C7329AF2C8800AD35C0 /* Assets.xcassets in Resources */,
				E8D55C7129AF2C8400AD35C0 /* Main.storyboard in Resources */,
			);
			runOnlyForDeploymentPostprocessing = 0;
		};
		E8D55C7A29AF2C8800AD35C0 /* Resources */ = {
			isa = PBXResourcesBuildPhase;
			buildActionMask = 2147483647;
			files = (
			);
			runOnlyForDeploymentPostprocessing = 0;
		};
		E8D55C8429AF2C8800AD35C0 /* Resources */ = {
			isa = PBXResourcesBuildPhase;
			buildActionMask = 2147483647;
			files = (
			);
			runOnlyForDeploymentPostprocessing = 0;
		};
/* End PBXResourcesBuildPhase section */

/* Begin PBXSourcesBuildPhase section */
		E8D55C6229AF2C8400AD35C0 /* Sources */ = {
			isa = PBXSourcesBuildPhase;
			buildActionMask = 2147483647;
			files = (
				E8D55C6E29AF2C8400AD35C0 /* ViewController.swift in Sources */,
				E8D55C6A29AF2C8400AD35C0 /* AppDelegate.swift in Sources */,
				E8D55C6C29AF2C8400AD35C0 /* SceneDelegate.swift in Sources */,
			);
			runOnlyForDeploymentPostprocessing = 0;
		};
		E8D55C7829AF2C8800AD35C0 /* Sources */ = {
			isa = PBXSourcesBuildPhase;
			buildActionMask = 2147483647;
			files = (
				E8D55C8129AF2C8800AD35C0 /* InterfacceControlTests.swift in Sources */,
			);
			runOnlyForDeploymentPostprocessing = 0;
		};
		E8D55C8229AF2C8800AD35C0 /* Sources */ = {
			isa = PBXSourcesBuildPhase;
			buildActionMask = 2147483647;
			files = (
				E8D55C8D29AF2C8800AD35C0 /* InterfacceControlUITestsLaunchTests.swift in Sources */,
				E8D55C8B29AF2C8800AD35C0 /* InterfacceControlUITests.swift in Sources */,
			);
			runOnlyForDeploymentPostprocessing = 0;
		};
/* End PBXSourcesBuildPhase section */

/* Begin PBXTargetDependency section */
		E8D55C7E29AF2C8800AD35C0 /* PBXTargetDependency */ = {
			isa = PBXTargetDependency;
			target = E8D55C6529AF2C8400AD35C0 /* InterfacceControl */;
			targetProxy = E8D55C7D29AF2C8800AD35C0 /* PBXContainerItemProxy */;
		};
		E8D55C8829AF2C8800AD35C0 /* PBXTargetDependency */ = {
			isa = PBXTargetDependency;
			target = E8D55C6529AF2C8400AD35C0 /* InterfacceControl */;
			targetProxy = E8D55C8729AF2C8800AD35C0 /* PBXContainerItemProxy */;
		};
/* End PBXTargetDependency section */

/* Begin PBXVariantGroup section */
		E8D55C6F29AF2C8400AD35C0 /* Main.storyboard */ = {
			isa = PBXVariantGroup;
			children = (
				E8D55C7029AF2C8400AD35C0 /* Base */,
			);
			name = Main.storyboard;
			sourceTree = "<group>";
		};
		E8D55C7429AF2C8800AD35C0 /* LaunchScreen.storyboard */ = {
			isa = PBXVariantGroup;
			children = (
				E8D55C7529AF2C8800AD35C0 /* Base */,
			);
			name = LaunchScreen.storyboard;
			sourceTree = "<group>";
		};
/* End PBXVariantGroup section */

/* Begin XCBuildConfiguration section */
		E8D55C8E29AF2C8800AD35C0 /* Debug */ = {
			isa = XCBuildConfiguration;
			buildSettings = {
				ALWAYS_SEARCH_USER_PATHS = NO;
				CLANG_ANALYZER_NONNULL = YES;
				CLANG_ANALYZER_NUMBER_OBJECT_CONVERSION = YES_AGGRESSIVE;
				CLANG_CXX_LANGUAGE_STANDARD = "gnu++17";
				CLANG_ENABLE_MODULES = YES;
				CLANG_ENABLE_OBJC_ARC = YES;
				CLANG_ENABLE_OBJC_WEAK = YES;
				CLANG_WARN_BLOCK_CAPTURE_AUTORELEASING = YES;
				CLANG_WARN_BOOL_CONVERSION = YES;
				CLANG_WARN_COMMA = YES;
				CLANG_WARN_CONSTANT_CONVERSION = YES;
				CLANG_WARN_DEPRECATED_OBJC_IMPLEMENTATIONS = YES;
				CLANG_WARN_DIRECT_OBJC_ISA_USAGE = YES_ERROR;
				CLANG_WARN_DOCUMENTATION_COMMENTS = YES;
				CLANG_WARN_EMPTY_BODY = YES;
				CLANG_WARN_ENUM_CONVERSION = YES;
				CLANG_WARN_INFINITE_RECURSION = YES;
				CLANG_WARN_INT_CONVERSION = YES;
				CLANG_WARN_NON_LITERAL_NULL_CONVERSION = YES;
				CLANG_WARN_OBJC_IMPLICIT_RETAIN_SELF = YES;
				CLANG_WARN_OBJC_LITERAL_CONVERSION = YES;
				CLANG_WARN_OBJC_ROOT_CLASS = YES_ERROR;
				CLANG_WARN_QUOTED_INCLUDE_IN_FRAMEWORK_HEADER = YES;
				CLANG_WARN_RANGE_LOOP_ANALYSIS = YES;
				CLANG_WARN_STRICT_PROTOTYPES = YES;
				CLANG_WARN_SUSPICIOUS_MOVE = YES;
				CLANG_WARN_UNGUARDED_AVAILABILITY = YES_AGGRESSIVE;
				CLANG_WARN_UNREACHABLE_CODE = YES;
				CLANG_WARN__DUPLICATE_METHOD_MATCH = YES;
				COPY_PHASE_STRIP = NO;
				DEBUG_INFORMATION_FORMAT = dwarf;
				ENABLE_STRICT_OBJC_MSGSEND = YES;
				ENABLE_TESTABILITY = YES;
				GCC_C_LANGUAGE_STANDARD = gnu11;
				GCC_DYNAMIC_NO_PIC = NO;
				GCC_NO_COMMON_BLOCKS = YES;
				GCC_OPTIMIZATION_LEVEL = 0;
				GCC_PREPROCESSOR_DEFINITIONS = (
					"DEBUG=1",
					"$(inherited)",
				);
				GCC_WARN_64_TO_32_BIT_CONVERSION = YES;
				GCC_WARN_ABOUT_RETURN_TYPE = YES_ERROR;
				GCC_WARN_UNDECLARED_SELECTOR = YES;
				GCC_WARN_UNINITIALIZED_AUTOS = YES_AGGRESSIVE;
				GCC_WARN_UNUSED_FUNCTION = YES;
				GCC_WARN_UNUSED_VARIABLE = YES;
				IPHONEOS_DEPLOYMENT_TARGET = 15.5;
				MTL_ENABLE_DEBUG_INFO = INCLUDE_SOURCE;
				MTL_FAST_MATH = YES;
				ONLY_ACTIVE_ARCH = YES;
				SDKROOT = iphoneos;
				SWIFT_ACTIVE_COMPILATION_CONDITIONS = DEBUG;
				SWIFT_OPTIMIZATION_LEVEL = "-Onone";
			};
			name = Debug;
		};
		E8D55C8F29AF2C8800AD35C0 /* Release */ = {
			isa = XCBuildConfiguration;
			buildSettings = {
				ALWAYS_SEARCH_USER_PATHS = NO;
				CLANG_ANALYZER_NONNULL = YES;
				CLANG_ANALYZER_NUMBER_OBJECT_CONVERSION = YES_AGGRESSIVE;
				CLANG_CXX_LANGUAGE_STANDARD = "gnu++17";
				CLANG_ENABLE_MODULES = YES;
				CLANG_ENABLE_OBJC_ARC = YES;
				CLANG_ENABLE_OBJC_WEAK = YES;
				CLANG_WARN_BLOCK_CAPTURE_AUTORELEASING = YES;
				CLANG_WARN_BOOL_CONVERSION = YES;
				CLANG_WARN_COMMA = YES;
				CLANG_WARN_CONSTANT_CONVERSION = YES;
				CLANG_WARN_DEPRECATED_OBJC_IMPLEMENTATIONS = YES;
				CLANG_WARN_DIRECT_OBJC_ISA_USAGE = YES_ERROR;
				CLANG_WARN_DOCUMENTATION_COMMENTS = YES;
				CLANG_WARN_EMPTY_BODY = YES;
				CLANG_WARN_ENUM_CONVERSION = YES;
				CLANG_WARN_INFINITE_RECURSION = YES;
				CLANG_WARN_INT_CONVERSION = YES;
				CLANG_WARN_NON_LITERAL_NULL_CONVERSION = YES;
				CLANG_WARN_OBJC_IMPLICIT_RETAIN_SELF = YES;
				CLANG_WARN_OBJC_LITERAL_CONVERSION = YES;
				CLANG_WARN_OBJC_ROOT_CLASS = YES_ERROR;
				CLANG_WARN_QUOTED_INCLUDE_IN_FRAMEWORK_HEADER = YES;
				CLANG_WARN_RANGE_LOOP_ANALYSIS = YES;
				CLANG_WARN_STRICT_PROTOTYPES = YES;
				CLANG_WARN_SUSPICIOUS_MOVE = YES;
				CLANG_WARN_UNGUARDED_AVAILABILITY = YES_AGGRESSIVE;
				CLANG_WARN_UNREACHABLE_CODE = YES;
				CLANG_WARN__DUPLICATE_METHOD_MATCH = YES;
				COPY_PHASE_STRIP = NO;
				DEBUG_INFORMATION_FORMAT = "dwarf-with-dsym";
				ENABLE_NS_ASSERTIONS = NO;
				ENABLE_STRICT_OBJC_MSGSEND = YES;
				GCC_C_LANGUAGE_STANDARD = gnu11;
				GCC_NO_COMMON_BLOCKS = YES;
				GCC_WARN_64_TO_32_BIT_CONVERSION = YES;
				GCC_WARN_ABOUT_RETURN_TYPE = YES_ERROR;
				GCC_WARN_UNDECLARED_SELECTOR = YES;
				GCC_WARN_UNINITIALIZED_AUTOS = YES_AGGRESSIVE;
				GCC_WARN_UNUSED_FUNCTION = YES;
				GCC_WARN_UNUSED_VARIABLE = YES;
				IPHONEOS_DEPLOYMENT_TARGET = 15.5;
				MTL_ENABLE_DEBUG_INFO = NO;
				MTL_FAST_MATH = YES;
				SDKROOT = iphoneos;
				SWIFT_COMPILATION_MODE = wholemodule;
				SWIFT_OPTIMIZATION_LEVEL = "-O";
				VALIDATE_PRODUCT = YES;
			};
			name = Release;
		};
		E8D55C9129AF2C8800AD35C0 /* Debug */ = {
			isa = XCBuildConfiguration;
			buildSettings = {
				ASSETCATALOG_COMPILER_APPICON_NAME = AppIcon;
				ASSETCATALOG_COMPILER_GLOBAL_ACCENT_COLOR_NAME = AccentColor;
				CODE_SIGN_STYLE = Automatic;
				CURRENT_PROJECT_VERSION = 1;
				GENERATE_INFOPLIST_FILE = YES;
				INFOPLIST_FILE = InterfacceControl/Info.plist;
				INFOPLIST_KEY_UIApplicationSupportsIndirectInputEvents = YES;
				INFOPLIST_KEY_UILaunchStoryboardName = LaunchScreen;
				INFOPLIST_KEY_UIMainStoryboardFile = Main;
				INFOPLIST_KEY_UISupportedInterfaceOrientations_iPad = "UIInterfaceOrientationPortrait UIInterfaceOrientationPortraitUpsideDown UIInterfaceOrientationLandscapeLeft UIInterfaceOrientationLandscapeRight";
				INFOPLIST_KEY_UISupportedInterfaceOrientations_iPhone = "UIInterfaceOrientationPortrait UIInterfaceOrientationLandscapeLeft UIInterfaceOrientationLandscapeRight";
				LD_RUNPATH_SEARCH_PATHS = (
					"$(inherited)",
					"@executable_path/Frameworks",
				);
				MARKETING_VERSION = 1.0;
				PRODUCT_BUNDLE_IDENTIFIER = HPC.InterfacceControl;
				PRODUCT_NAME = "$(TARGET_NAME)";
				SWIFT_EMIT_LOC_STRINGS = YES;
				SWIFT_VERSION = 5.0;
				TARGETED_DEVICE_FAMILY = "1,2";
			};
			name = Debug;
		};
		E8D55C9229AF2C8800AD35C0 /* Release */ = {
			isa = XCBuildConfiguration;
			buildSettings = {
				ASSETCATALOG_COMPILER_APPICON_NAME = AppIcon;
				ASSETCATALOG_COMPILER_GLOBAL_ACCENT_COLOR_NAME = AccentColor;
				CODE_SIGN_STYLE = Automatic;
				CURRENT_PROJECT_VERSION = 1;
				GENERATE_INFOPLIST_FILE = YES;
				INFOPLIST_FILE = InterfacceControl/Info.plist;
				INFOPLIST_KEY_UIApplicationSupportsIndirectInputEvents = YES;
				INFOPLIST_KEY_UILaunchStoryboardName = LaunchScreen;
				INFOPLIST_KEY_UIMainStoryboardFile = Main;
				INFOPLIST_KEY_UISupportedInterfaceOrientations_iPad = "UIInterfaceOrientationPortrait UIInterfaceOrientationPortraitUpsideDown UIInterfaceOrientationLandscapeLeft UIInterfaceOrientationLandscapeRight";
				INFOPLIST_KEY_UISupportedInterfaceOrientations_iPhone = "UIInterfaceOrientationPortrait UIInterfaceOrientationLandscapeLeft UIInterfaceOrientationLandscapeRight";
				LD_RUNPATH_SEARCH_PATHS = (
					"$(inherited)",
					"@executable_path/Frameworks",
				);
				MARKETING_VERSION = 1.0;
				PRODUCT_BUNDLE_IDENTIFIER = HPC.InterfacceControl;
				PRODUCT_NAME = "$(TARGET_NAME)";
				SWIFT_EMIT_LOC_STRINGS = YES;
				SWIFT_VERSION = 5.0;
				TARGETED_DEVICE_FAMILY = "1,2";
			};
			name = Release;
		};
		E8D55C9429AF2C8800AD35C0 /* Debug */ = {
			isa = XCBuildConfiguration;
			buildSettings = {
				ALWAYS_EMBED_SWIFT_STANDARD_LIBRARIES = YES;
				BUNDLE_LOADER = "$(TEST_HOST)";
				CODE_SIGN_STYLE = Automatic;
				CURRENT_PROJECT_VERSION = 1;
				GENERATE_INFOPLIST_FILE = YES;
				IPHONEOS_DEPLOYMENT_TARGET = 15.5;
				MARKETING_VERSION = 1.0;
				PRODUCT_BUNDLE_IDENTIFIER = HPC.InterfacceControlTests;
				PRODUCT_NAME = "$(TARGET_NAME)";
				SWIFT_EMIT_LOC_STRINGS = NO;
				SWIFT_VERSION = 5.0;
				TARGETED_DEVICE_FAMILY = "1,2";
				TEST_HOST = "$(BUILT_PRODUCTS_DIR)/InterfacceControl.app/InterfacceControl";
			};
			name = Debug;
		};
		E8D55C9529AF2C8800AD35C0 /* Release */ = {
			isa = XCBuildConfiguration;
			buildSettings = {
				ALWAYS_EMBED_SWIFT_STANDARD_LIBRARIES = YES;
				BUNDLE_LOADER = "$(TEST_HOST)";
				CODE_SIGN_STYLE = Automatic;
				CURRENT_PROJECT_VERSION = 1;
				GENERATE_INFOPLIST_FILE = YES;
				IPHONEOS_DEPLOYMENT_TARGET = 15.5;
				MARKETING_VERSION = 1.0;
				PRODUCT_BUNDLE_IDENTIFIER = HPC.InterfacceControlTests;
				PRODUCT_NAME = "$(TARGET_NAME)";
				SWIFT_EMIT_LOC_STRINGS = NO;
				SWIFT_VERSION = 5.0;
				TARGETED_DEVICE_FAMILY = "1,2";
				TEST_HOST = "$(BUILT_PRODUCTS_DIR)/InterfacceControl.app/InterfacceControl";
			};
			name = Release;
		};
		E8D55C9729AF2C8800AD35C0 /* Debug */ = {
			isa = XCBuildConfiguration;
			buildSettings = {
				ALWAYS_EMBED_SWIFT_STANDARD_LIBRARIES = YES;
				CODE_SIGN_STYLE = Automatic;
				CURRENT_PROJECT_VERSION = 1;
				GENERATE_INFOPLIST_FILE = YES;
				MARKETING_VERSION = 1.0;
				PRODUCT_BUNDLE_IDENTIFIER = HPC.InterfacceControlUITests;
				PRODUCT_NAME = "$(TARGET_NAME)";
				SWIFT_EMIT_LOC_STRINGS = NO;
				SWIFT_VERSION = 5.0;
				TARGETED_DEVICE_FAMILY = "1,2";
				TEST_TARGET_NAME = InterfacceControl;
			};
			name = Debug;
		};
		E8D55C9829AF2C8800AD35C0 /* Release */ = {
			isa = XCBuildConfiguration;
			buildSettings = {
				ALWAYS_EMBED_SWIFT_STANDARD_LIBRARIES = YES;
				CODE_SIGN_STYLE = Automatic;
				CURRENT_PROJECT_VERSION = 1;
				GENERATE_INFOPLIST_FILE = YES;
				MARKETING_VERSION = 1.0;
				PRODUCT_BUNDLE_IDENTIFIER = HPC.InterfacceControlUITests;
				PRODUCT_NAME = "$(TARGET_NAME)";
				SWIFT_EMIT_LOC_STRINGS = NO;
				SWIFT_VERSION = 5.0;
				TARGETED_DEVICE_FAMILY = "1,2";
				TEST_TARGET_NAME = InterfacceControl;
			};
			name = Release;
		};
/* End XCBuildConfiguration section */

/* Begin XCConfigurationList section */
		E8D55C6129AF2C8400AD35C0 /* Build configuration list for PBXProject "InterfacceControl" */ = {
			isa = XCConfigurationList;
			buildConfigurations = (
				E8D55C8E29AF2C8800AD35C0 /* Debug */,
				E8D55C8F29AF2C8800AD35C0 /* Release */,
			);
			defaultConfigurationIsVisible = 0;
			defaultConfigurationName = Release;
		};
		E8D55C9029AF2C8800AD35C0 /* Build configuration list for PBXNativeTarget "InterfacceControl" */ = {
			isa = XCConfigurationList;
			buildConfigurations = (
				E8D55C9129AF2C8800AD35C0 /* Debug */,
				E8D55C9229AF2C8800AD35C0 /* Release */,
			);
			defaultConfigurationIsVisible = 0;
			defaultConfigurationName = Release;
		};
		E8D55C9329AF2C8800AD35C0 /* Build configuration list for PBXNativeTarget "InterfacceControlTests" */ = {
			isa = XCConfigurationList;
			buildConfigurations = (
				E8D55C9429AF2C8800AD35C0 /* Debug */,
				E8D55C9529AF2C8800AD35C0 /* Release */,
			);
			defaultConfigurationIsVisible = 0;
			defaultConfigurationName = Release;
		};
		E8D55C9629AF2C8800AD35C0 /* Build configuration list for PBXNativeTarget "InterfacceControlUITests" */ = {
			isa = XCConfigurationList;
			buildConfigurations = (
				E8D55C9729AF2C8800AD35C0 /* Debug */,
				E8D55C9829AF2C8800AD35C0 /* Release */,
			);
			defaultConfigurationIsVisible = 0;
			defaultConfigurationName = Release;
		};
/* End XCConfigurationList section */
	};
	rootObject = E8D55C5E29AF2C8400AD35C0 /* Project object */;
}
