// !$*UTF8*$!
{
	archiveVersion = 1;
	classes = {
	};
	objectVersion = 56;
	objects = {

/* Begin PBXBuildFile section */
		72D8416329EFC1830075BA94 /* AppDelegate.swift in Sources */ = {isa = PBXBuildFile; fileRef = 72D8416229EFC1830075BA94 /* AppDelegate.swift */; };
		72D8416529EFC1830075BA94 /* GameScene.sks in Resources */ = {isa = PBXBuildFile; fileRef = 72D8416429EFC1830075BA94 /* GameScene.sks */; };
		72D8416729EFC1830075BA94 /* Actions.sks in Resources */ = {isa = PBXBuildFile; fileRef = 72D8416629EFC1830075BA94 /* Actions.sks */; };
		72D8416929EFC1830075BA94 /* GameScene.swift in Sources */ = {isa = PBXBuildFile; fileRef = 72D8416829EFC1830075BA94 /* GameScene.swift */; };
		72D8416B29EFC1830075BA94 /* GameViewController.swift in Sources */ = {isa = PBXBuildFile; fileRef = 72D8416A29EFC1830075BA94 /* GameViewController.swift */; };
		72D8416E29EFC1830075BA94 /* Main.storyboard in Resources */ = {isa = PBXBuildFile; fileRef = 72D8416C29EFC1830075BA94 /* Main.storyboard */; };
		72D8417029EFC1840075BA94 /* Assets.xcassets in Resources */ = {isa = PBXBuildFile; fileRef = 72D8416F29EFC1840075BA94 /* Assets.xcassets */; };
		72D8417329EFC1840075BA94 /* LaunchScreen.storyboard in Resources */ = {isa = PBXBuildFile; fileRef = 72D8417129EFC1840075BA94 /* LaunchScreen.storyboard */; };
		72D8417C29EFC1D30075BA94 /* oh_no.mp3 in Resources */ = {isa = PBXBuildFile; fileRef = 72D8417929EFC1D30075BA94 /* oh_no.mp3 */; };
		72D8417D29EFC1D30075BA94 /* whistle.mp3 in Resources */ = {isa = PBXBuildFile; fileRef = 72D8417A29EFC1D30075BA94 /* whistle.mp3 */; };
		72D8417E29EFC1D30075BA94 /* db.atlas in Resources */ = {isa = PBXBuildFile; fileRef = 72D8417B29EFC1D30075BA94 /* db.atlas */; };
		72D8418029EFC2E20075BA94 /* EPoint.swift in Sources */ = {isa = PBXBuildFile; fileRef = 72D8417F29EFC2E20075BA94 /* EPoint.swift */; };
		72D8418229EFC3600075BA94 /* PointContainer.swift in Sources */ = {isa = PBXBuildFile; fileRef = 72D8418129EFC3600075BA94 /* PointContainer.swift */; };
		72D8418429EFCD780075BA94 /* Cat.swift in Sources */ = {isa = PBXBuildFile; fileRef = 72D8418329EFCD780075BA94 /* Cat.swift */; };
/* End PBXBuildFile section */

/* Begin PBXFileReference section */
		72D8415F29EFC1830075BA94 /* Spritekit_Cat.app */ = {isa = PBXFileReference; explicitFileType = wrapper.application; includeInIndex = 0; path = Spritekit_Cat.app; sourceTree = BUILT_PRODUCTS_DIR; };
		72D8416229EFC1830075BA94 /* AppDelegate.swift */ = {isa = PBXFileReference; lastKnownFileType = sourcecode.swift; path = AppDelegate.swift; sourceTree = "<group>"; };
		72D8416429EFC1830075BA94 /* GameScene.sks */ = {isa = PBXFileReference; lastKnownFileType = file.sks; path = GameScene.sks; sourceTree = "<group>"; };
		72D8416629EFC1830075BA94 /* Actions.sks */ = {isa = PBXFileReference; lastKnownFileType = file.sks; path = Actions.sks; sourceTree = "<group>"; };
		72D8416829EFC1830075BA94 /* GameScene.swift */ = {isa = PBXFileReference; lastKnownFileType = sourcecode.swift; path = GameScene.swift; sourceTree = "<group>"; };
		72D8416A29EFC1830075BA94 /* GameViewController.swift */ = {isa = PBXFileReference; lastKnownFileType = sourcecode.swift; path = GameViewController.swift; sourceTree = "<group>"; };
		72D8416D29EFC1830075BA94 /* Base */ = {isa = PBXFileReference; lastKnownFileType = file.storyboard; name = Base; path = Base.lproj/Main.storyboard; sourceTree = "<group>"; };
		72D8416F29EFC1840075BA94 /* Assets.xcassets */ = {isa = PBXFileReference; lastKnownFileType = folder.assetcatalog; path = Assets.xcassets; sourceTree = "<group>"; };
		72D8417229EFC1840075BA94 /* Base */ = {isa = PBXFileReference; lastKnownFileType = file.storyboard; name = Base; path = Base.lproj/LaunchScreen.storyboard; sourceTree = "<group>"; };
		72D8417929EFC1D30075BA94 /* oh_no.mp3 */ = {isa = PBXFileReference; lastKnownFileType = audio.mp3; path = oh_no.mp3; sourceTree = "<group>"; };
		72D8417A29EFC1D30075BA94 /* whistle.mp3 */ = {isa = PBXFileReference; lastKnownFileType = audio.mp3; path = whistle.mp3; sourceTree = "<group>"; };
		72D8417B29EFC1D30075BA94 /* db.atlas */ = {isa = PBXFileReference; lastKnownFileType = folder.skatlas; path = db.atlas; sourceTree = "<group>"; };
		72D8417F29EFC2E20075BA94 /* EPoint.swift */ = {isa = PBXFileReference; lastKnownFileType = sourcecode.swift; path = EPoint.swift; sourceTree = "<group>"; };
		72D8418129EFC3600075BA94 /* PointContainer.swift */ = {isa = PBXFileReference; lastKnownFileType = sourcecode.swift; path = PointContainer.swift; sourceTree = "<group>"; };
		72D8418329EFCD780075BA94 /* Cat.swift */ = {isa = PBXFileReference; lastKnownFileType = sourcecode.swift; path = Cat.swift; sourceTree = "<group>"; };
/* End PBXFileReference section */

/* Begin PBXFrameworksBuildPhase section */
		72D8415C29EFC1830075BA94 /* Frameworks */ = {
			isa = PBXFrameworksBuildPhase;
			buildActionMask = 2147483647;
			files = (
			);
			runOnlyForDeploymentPostprocessing = 0;
		};
/* End PBXFrameworksBuildPhase section */

/* Begin PBXGroup section */
		72D8415629EFC1830075BA94 = {
			isa = PBXGroup;
			children = (
				72D8416129EFC1830075BA94 /* Spritekit_Cat */,
				72D8416029EFC1830075BA94 /* Products */,
			);
			sourceTree = "<group>";
		};
		72D8416029EFC1830075BA94 /* Products */ = {
			isa = PBXGroup;
			children = (
				72D8415F29EFC1830075BA94 /* Spritekit_Cat.app */,
			);
			name = Products;
			sourceTree = "<group>";
		};
		72D8416129EFC1830075BA94 /* Spritekit_Cat */ = {
			isa = PBXGroup;
			children = (
				72D8416229EFC1830075BA94 /* AppDelegate.swift */,
				72D8416429EFC1830075BA94 /* GameScene.sks */,
				72D8416629EFC1830075BA94 /* Actions.sks */,
				72D8416829EFC1830075BA94 /* GameScene.swift */,
				72D8416A29EFC1830075BA94 /* GameViewController.swift */,
				72D8418129EFC3600075BA94 /* PointContainer.swift */,
				72D8417F29EFC2E20075BA94 /* EPoint.swift */,
				72D8418329EFCD780075BA94 /* Cat.swift */,
				72D8416C29EFC1830075BA94 /* Main.storyboard */,
				72D8416F29EFC1840075BA94 /* Assets.xcassets */,
				72D8417129EFC1840075BA94 /* LaunchScreen.storyboard */,
				72D8417B29EFC1D30075BA94 /* db.atlas */,
				72D8417929EFC1D30075BA94 /* oh_no.mp3 */,
				72D8417A29EFC1D30075BA94 /* whistle.mp3 */,
			);
			path = Spritekit_Cat;
			sourceTree = "<group>";
		};
/* End PBXGroup section */

/* Begin PBXNativeTarget section */
		72D8415E29EFC1830075BA94 /* Spritekit_Cat */ = {
			isa = PBXNativeTarget;
			buildConfigurationList = 72D8417629EFC1840075BA94 /* Build configuration list for PBXNativeTarget "Spritekit_Cat" */;
			buildPhases = (
				72D8415B29EFC1830075BA94 /* Sources */,
				72D8415C29EFC1830075BA94 /* Frameworks */,
				72D8415D29EFC1830075BA94 /* Resources */,
			);
			buildRules = (
			);
			dependencies = (
			);
			name = Spritekit_Cat;
			productName = Spritekit_Cat;
			productReference = 72D8415F29EFC1830075BA94 /* Spritekit_Cat.app */;
			productType = "com.apple.product-type.application";
		};
/* End PBXNativeTarget section */

/* Begin PBXProject section */
		72D8415729EFC1830075BA94 /* Project object */ = {
			isa = PBXProject;
			attributes = {
				BuildIndependentTargetsInParallel = 1;
				LastSwiftUpdateCheck = 1430;
				LastUpgradeCheck = 1430;
				TargetAttributes = {
					72D8415E29EFC1830075BA94 = {
						CreatedOnToolsVersion = 14.3;
					};
				};
			};
			buildConfigurationList = 72D8415A29EFC1830075BA94 /* Build configuration list for PBXProject "Spritekit_Cat" */;
			compatibilityVersion = "Xcode 14.0";
			developmentRegion = en;
			hasScannedForEncodings = 0;
			knownRegions = (
				en,
				Base,
			);
			mainGroup = 72D8415629EFC1830075BA94;
			productRefGroup = 72D8416029EFC1830075BA94 /* Products */;
			projectDirPath = "";
			projectRoot = "";
			targets = (
				72D8415E29EFC1830075BA94 /* Spritekit_Cat */,
			);
		};
/* End PBXProject section */

/* Begin PBXResourcesBuildPhase section */
		72D8415D29EFC1830075BA94 /* Resources */ = {
			isa = PBXResourcesBuildPhase;
			buildActionMask = 2147483647;
			files = (
				72D8416E29EFC1830075BA94 /* Main.storyboard in Resources */,
				72D8417E29EFC1D30075BA94 /* db.atlas in Resources */,
				72D8416529EFC1830075BA94 /* GameScene.sks in Resources */,
				72D8417029EFC1840075BA94 /* Assets.xcassets in Resources */,
				72D8417329EFC1840075BA94 /* LaunchScreen.storyboard in Resources */,
				72D8417D29EFC1D30075BA94 /* whistle.mp3 in Resources */,
				72D8417C29EFC1D30075BA94 /* oh_no.mp3 in Resources */,
				72D8416729EFC1830075BA94 /* Actions.sks in Resources */,
			);
			runOnlyForDeploymentPostprocessing = 0;
		};
/* End PBXResourcesBuildPhase section */

/* Begin PBXSourcesBuildPhase section */
		72D8415B29EFC1830075BA94 /* Sources */ = {
			isa = PBXSourcesBuildPhase;
			buildActionMask = 2147483647;
			files = (
				72D8416929EFC1830075BA94 /* GameScene.swift in Sources */,
				72D8416B29EFC1830075BA94 /* GameViewController.swift in Sources */,
				72D8418429EFCD780075BA94 /* Cat.swift in Sources */,
				72D8418029EFC2E20075BA94 /* EPoint.swift in Sources */,
				72D8418229EFC3600075BA94 /* PointContainer.swift in Sources */,
				72D8416329EFC1830075BA94 /* AppDelegate.swift in Sources */,
			);
			runOnlyForDeploymentPostprocessing = 0;
		};
/* End PBXSourcesBuildPhase section */

/* Begin PBXVariantGroup section */
		72D8416C29EFC1830075BA94 /* Main.storyboard */ = {
			isa = PBXVariantGroup;
			children = (
				72D8416D29EFC1830075BA94 /* Base */,
			);
			name = Main.storyboard;
			sourceTree = "<group>";
		};
		72D8417129EFC1840075BA94 /* LaunchScreen.storyboard */ = {
			isa = PBXVariantGroup;
			children = (
				72D8417229EFC1840075BA94 /* Base */,
			);
			name = LaunchScreen.storyboard;
			sourceTree = "<group>";
		};
/* End PBXVariantGroup section */

/* Begin XCBuildConfiguration section */
		72D8417429EFC1840075BA94 /* Debug */ = {
			isa = XCBuildConfiguration;
			buildSettings = {
				ALWAYS_SEARCH_USER_PATHS = NO;
				CLANG_ANALYZER_NONNULL = YES;
				CLANG_ANALYZER_NUMBER_OBJECT_CONVERSION = YES_AGGRESSIVE;
				CLANG_CXX_LANGUAGE_STANDARD = "gnu++20";
				CLANG_ENABLE_MODULES = YES;
				CLANG_ENABLE_OBJC_ARC = YES;
				CLANG_ENABLE_OBJC_WEAK = YES;
				CLANG_WARN_BLOCK_CAPTURE_AUTORELEASING = YES;
				CLANG_WARN_BOOL_CONVERSION = YES;
				CLANG_WARN_COMMA = YES;
				CLANG_WARN_CONSTANT_CONVERSION = YES;
				CLANG_WARN_DEPRECATED_OBJC_IMPLEMENTATIONS = YES;
				CLANG_WARN_DIRECT_OBJC_ISA_USAGE = YES_ERROR;
				CLANG_WARN_DOCUMENTATION_COMMENTS = YES;
				CLANG_WARN_EMPTY_BODY = YES;
				CLANG_WARN_ENUM_CONVERSION = YES;
				CLANG_WARN_INFINITE_RECURSION = YES;
				CLANG_WARN_INT_CONVERSION = YES;
				CLANG_WARN_NON_LITERAL_NULL_CONVERSION = YES;
				CLANG_WARN_OBJC_IMPLICIT_RETAIN_SELF = YES;
				CLANG_WARN_OBJC_LITERAL_CONVERSION = YES;
				CLANG_WARN_OBJC_ROOT_CLASS = YES_ERROR;
				CLANG_WARN_QUOTED_INCLUDE_IN_FRAMEWORK_HEADER = YES;
				CLANG_WARN_RANGE_LOOP_ANALYSIS = YES;
				CLANG_WARN_STRICT_PROTOTYPES = YES;
				CLANG_WARN_SUSPICIOUS_MOVE = YES;
				CLANG_WARN_UNGUARDED_AVAILABILITY = YES_AGGRESSIVE;
				CLANG_WARN_UNREACHABLE_CODE = YES;
				CLANG_WARN__DUPLICATE_METHOD_MATCH = YES;
				COPY_PHASE_STRIP = NO;
				DEBUG_INFORMATION_FORMAT = dwarf;
				ENABLE_STRICT_OBJC_MSGSEND = YES;
				ENABLE_TESTABILITY = YES;
				GCC_C_LANGUAGE_STANDARD = gnu11;
				GCC_DYNAMIC_NO_PIC = NO;
				GCC_NO_COMMON_BLOCKS = YES;
				GCC_OPTIMIZATION_LEVEL = 0;
				GCC_PREPROCESSOR_DEFINITIONS = (
					"DEBUG=1",
					"$(inherited)",
				);
				GCC_WARN_64_TO_32_BIT_CONVERSION = YES;
				GCC_WARN_ABOUT_RETURN_TYPE = YES_ERROR;
				GCC_WARN_UNDECLARED_SELECTOR = YES;
				GCC_WARN_UNINITIALIZED_AUTOS = YES_AGGRESSIVE;
				GCC_WARN_UNUSED_FUNCTION = YES;
				GCC_WARN_UNUSED_VARIABLE = YES;
				IPHONEOS_DEPLOYMENT_TARGET = 16.4;
				MTL_ENABLE_DEBUG_INFO = INCLUDE_SOURCE;
				MTL_FAST_MATH = YES;
				ONLY_ACTIVE_ARCH = YES;
				SDKROOT = iphoneos;
				SWIFT_ACTIVE_COMPILATION_CONDITIONS = DEBUG;
				SWIFT_OPTIMIZATION_LEVEL = "-Onone";
			};
			name = Debug;
		};
		72D8417529EFC1840075BA94 /* Release */ = {
			isa = XCBuildConfiguration;
			buildSettings = {
				ALWAYS_SEARCH_USER_PATHS = NO;
				CLANG_ANALYZER_NONNULL = YES;
				CLANG_ANALYZER_NUMBER_OBJECT_CONVERSION = YES_AGGRESSIVE;
				CLANG_CXX_LANGUAGE_STANDARD = "gnu++20";
				CLANG_ENABLE_MODULES = YES;
				CLANG_ENABLE_OBJC_ARC = YES;
				CLANG_ENABLE_OBJC_WEAK = YES;
				CLANG_WARN_BLOCK_CAPTURE_AUTORELEASING = YES;
				CLANG_WARN_BOOL_CONVERSION = YES;
				CLANG_WARN_COMMA = YES;
				CLANG_WARN_CONSTANT_CONVERSION = YES;
				CLANG_WARN_DEPRECATED_OBJC_IMPLEMENTATIONS = YES;
				CLANG_WARN_DIRECT_OBJC_ISA_USAGE = YES_ERROR;
				CLANG_WARN_DOCUMENTATION_COMMENTS = YES;
				CLANG_WARN_EMPTY_BODY = YES;
				CLANG_WARN_ENUM_CONVERSION = YES;
				CLANG_WARN_INFINITE_RECURSION = YES;
				CLANG_WARN_INT_CONVERSION = YES;
				CLANG_WARN_NON_LITERAL_NULL_CONVERSION = YES;
				CLANG_WARN_OBJC_IMPLICIT_RETAIN_SELF = YES;
				CLANG_WARN_OBJC_LITERAL_CONVERSION = YES;
				CLANG_WARN_OBJC_ROOT_CLASS = YES_ERROR;
				CLANG_WARN_QUOTED_INCLUDE_IN_FRAMEWORK_HEADER = YES;
				CLANG_WARN_RANGE_LOOP_ANALYSIS = YES;
				CLANG_WARN_STRICT_PROTOTYPES = YES;
				CLANG_WARN_SUSPICIOUS_MOVE = YES;
				CLANG_WARN_UNGUARDED_AVAILABILITY = YES_AGGRESSIVE;
				CLANG_WARN_UNREACHABLE_CODE = YES;
				CLANG_WARN__DUPLICATE_METHOD_MATCH = YES;
				COPY_PHASE_STRIP = NO;
				DEBUG_INFORMATION_FORMAT = "dwarf-with-dsym";
				ENABLE_NS_ASSERTIONS = NO;
				ENABLE_STRICT_OBJC_MSGSEND = YES;
				GCC_C_LANGUAGE_STANDARD = gnu11;
				GCC_NO_COMMON_BLOCKS = YES;
				GCC_WARN_64_TO_32_BIT_CONVERSION = YES;
				GCC_WARN_ABOUT_RETURN_TYPE = YES_ERROR;
				GCC_WARN_UNDECLARED_SELECTOR = YES;
				GCC_WARN_UNINITIALIZED_AUTOS = YES_AGGRESSIVE;
				GCC_WARN_UNUSED_FUNCTION = YES;
				GCC_WARN_UNUSED_VARIABLE = YES;
				IPHONEOS_DEPLOYMENT_TARGET = 16.4;
				MTL_ENABLE_DEBUG_INFO = NO;
				MTL_FAST_MATH = YES;
				SDKROOT = iphoneos;
				SWIFT_COMPILATION_MODE = wholemodule;
				SWIFT_OPTIMIZATION_LEVEL = "-O";
				VALIDATE_PRODUCT = YES;
			};
			name = Release;
		};
		72D8417729EFC1840075BA94 /* Debug */ = {
			isa = XCBuildConfiguration;
			buildSettings = {
				ASSETCATALOG_COMPILER_APPICON_NAME = AppIcon;
				ASSETCATALOG_COMPILER_GLOBAL_ACCENT_COLOR_NAME = AccentColor;
				CODE_SIGN_STYLE = Automatic;
				CURRENT_PROJECT_VERSION = 1;
				DEVELOPMENT_TEAM = 6ULV77C4SH;
				GENERATE_INFOPLIST_FILE = YES;
				INFOPLIST_KEY_UIApplicationSupportsIndirectInputEvents = YES;
				INFOPLIST_KEY_UILaunchStoryboardName = LaunchScreen;
				INFOPLIST_KEY_UIMainStoryboardFile = Main;
				INFOPLIST_KEY_UIStatusBarHidden = YES;
				INFOPLIST_KEY_UISupportedInterfaceOrientations_iPad = "UIInterfaceOrientationPortrait UIInterfaceOrientationPortraitUpsideDown UIInterfaceOrientationLandscapeLeft UIInterfaceOrientationLandscapeRight";
				INFOPLIST_KEY_UISupportedInterfaceOrientations_iPhone = "UIInterfaceOrientationPortrait UIInterfaceOrientationLandscapeLeft UIInterfaceOrientationLandscapeRight";
				LD_RUNPATH_SEARCH_PATHS = (
					"$(inherited)",
					"@executable_path/Frameworks",
				);
				MARKETING_VERSION = 1.0;
				PRODUCT_BUNDLE_IDENTIFIER = "HPC.Spritekit-Cat";
				PRODUCT_NAME = "$(TARGET_NAME)";
				SWIFT_EMIT_LOC_STRINGS = YES;
				SWIFT_VERSION = 5.0;
				TARGETED_DEVICE_FAMILY = "1,2";
			};
			name = Debug;
		};
		72D8417829EFC1840075BA94 /* Release */ = {
			isa = XCBuildConfiguration;
			buildSettings = {
				ASSETCATALOG_COMPILER_APPICON_NAME = AppIcon;
				ASSETCATALOG_COMPILER_GLOBAL_ACCENT_COLOR_NAME = AccentColor;
				CODE_SIGN_STYLE = Automatic;
				CURRENT_PROJECT_VERSION = 1;
				DEVELOPMENT_TEAM = 6ULV77C4SH;
				GENERATE_INFOPLIST_FILE = YES;
				INFOPLIST_KEY_UIApplicationSupportsIndirectInputEvents = YES;
				INFOPLIST_KEY_UILaunchStoryboardName = LaunchScreen;
				INFOPLIST_KEY_UIMainStoryboardFile = Main;
				INFOPLIST_KEY_UIStatusBarHidden = YES;
				INFOPLIST_KEY_UISupportedInterfaceOrientations_iPad = "UIInterfaceOrientationPortrait UIInterfaceOrientationPortraitUpsideDown UIInterfaceOrientationLandscapeLeft UIInterfaceOrientationLandscapeRight";
				INFOPLIST_KEY_UISupportedInterfaceOrientations_iPhone = "UIInterfaceOrientationPortrait UIInterfaceOrientationLandscapeLeft UIInterfaceOrientationLandscapeRight";
				LD_RUNPATH_SEARCH_PATHS = (
					"$(inherited)",
					"@executable_path/Frameworks",
				);
				MARKETING_VERSION = 1.0;
				PRODUCT_BUNDLE_IDENTIFIER = "HPC.Spritekit-Cat";
				PRODUCT_NAME = "$(TARGET_NAME)";
				SWIFT_EMIT_LOC_STRINGS = YES;
				SWIFT_VERSION = 5.0;
				TARGETED_DEVICE_FAMILY = "1,2";
			};
			name = Release;
		};
/* End XCBuildConfiguration section */

/* Begin XCConfigurationList section */
		72D8415A29EFC1830075BA94 /* Build configuration list for PBXProject "Spritekit_Cat" */ = {
			isa = XCConfigurationList;
			buildConfigurations = (
				72D8417429EFC1840075BA94 /* Debug */,
				72D8417529EFC1840075BA94 /* Release */,
			);
			defaultConfigurationIsVisible = 0;
			defaultConfigurationName = Release;
		};
		72D8417629EFC1840075BA94 /* Build configuration list for PBXNativeTarget "Spritekit_Cat" */ = {
			isa = XCConfigurationList;
			buildConfigurations = (
				72D8417729EFC1840075BA94 /* Debug */,
				72D8417829EFC1840075BA94 /* Release */,
			);
			defaultConfigurationIsVisible = 0;
			defaultConfigurationName = Release;
		};
/* End XCConfigurationList section */
	};
	rootObject = 72D8415729EFC1830075BA94 /* Project object */;
}
